{
  "version": 4,
  "terraform_version": "0.14.2",
  "serial": 284,
  "lineage": "9d3c69ae-ca62-b9b6-fa5e-539db43a1c06",
  "outputs": {},
  "resources": [
    {
      "mode": "managed",
      "type": "azurerm_availability_set",
      "name": "AVSet01",
      "provider": "provider[\"registry.terraform.io/hashicorp/azurerm\"]",
      "instances": [
        {
          "schema_version": 0,
          "attributes": {
            "id": "/subscriptions/73f945ea-93d3-435b-8a04-fe92eb8645c7/resourceGroups/Hands-On-NO.2/providers/Microsoft.Compute/availabilitySets/Hands-On-NO.2-AVSet01",
            "location": "eastus",
            "managed": true,
            "name": "Hands-On-NO.2-AVSet01",
            "platform_fault_domain_count": 3,
            "platform_update_domain_count": 5,
            "proximity_placement_group_id": null,
            "resource_group_name": "Hands-On-NO.2",
            "tags": {},
            "timeouts": null
          },
          "sensitive_attributes": [],
          "private": "eyJlMmJmYjczMC1lY2FhLTExZTYtOGY4OC0zNDM2M2JjN2M0YzAiOnsiY3JlYXRlIjoxODAwMDAwMDAwMDAwLCJkZWxldGUiOjE4MDAwMDAwMDAwMDAsInJlYWQiOjMwMDAwMDAwMDAwMCwidXBkYXRlIjoxODAwMDAwMDAwMDAwfX0=",
          "dependencies": [
            "module.rg.azurerm_resource_group.rg"
          ]
        }
      ]
    },
    {
      "mode": "managed",
      "type": "azurerm_lb",
      "name": "elb",
      "provider": "provider[\"registry.terraform.io/hashicorp/azurerm\"]",
      "instances": [
        {
          "schema_version": 0,
          "attributes": {
            "frontend_ip_configuration": [
              {
                "id": "/subscriptions/73f945ea-93d3-435b-8a04-fe92eb8645c7/resourceGroups/Hands-On-NO.2/providers/Microsoft.Network/loadBalancers/Hands-On-NO.2-elb/frontendIPConfigurations/elb_PIP",
                "inbound_nat_rules": [
                  "/subscriptions/73f945ea-93d3-435b-8a04-fe92eb8645c7/resourceGroups/Hands-On-NO.2/providers/Microsoft.Network/loadBalancers/Hands-On-NO.2-elb/inboundNatRules/VMSS-RDP.0",
                  "/subscriptions/73f945ea-93d3-435b-8a04-fe92eb8645c7/resourceGroups/Hands-On-NO.2/providers/Microsoft.Network/loadBalancers/Hands-On-NO.2-elb/inboundNatRules/VMSS-RDP.2"
                ],
                "load_balancer_rules": [
                  "/subscriptions/73f945ea-93d3-435b-8a04-fe92eb8645c7/resourceGroups/Hands-On-NO.2/providers/Microsoft.Network/loadBalancers/Hands-On-NO.2-elb/loadBalancingRules/ELB-HTTP-Rule"
                ],
                "name": "elb_PIP",
                "outbound_rules": [],
                "private_ip_address": "",
                "private_ip_address_allocation": "Dynamic",
                "private_ip_address_version": "IPv4",
                "public_ip_address_id": "/subscriptions/73f945ea-93d3-435b-8a04-fe92eb8645c7/resourceGroups/Hands-On-NO.2/providers/Microsoft.Network/publicIPAddresses/elb_PIP",
                "public_ip_prefix_id": "",
                "subnet_id": "",
                "zones": []
              }
            ],
            "id": "/subscriptions/73f945ea-93d3-435b-8a04-fe92eb8645c7/resourceGroups/Hands-On-NO.2/providers/Microsoft.Network/loadBalancers/Hands-On-NO.2-elb",
            "location": "eastus",
            "name": "Hands-On-NO.2-elb",
            "private_ip_address": "",
            "private_ip_addresses": [],
            "resource_group_name": "Hands-On-NO.2",
            "sku": "Standard",
            "tags": {},
            "timeouts": null
          },
          "sensitive_attributes": [],
          "private": "eyJlMmJmYjczMC1lY2FhLTExZTYtOGY4OC0zNDM2M2JjN2M0YzAiOnsiY3JlYXRlIjoxODAwMDAwMDAwMDAwLCJkZWxldGUiOjE4MDAwMDAwMDAwMDAsInJlYWQiOjMwMDAwMDAwMDAwMCwidXBkYXRlIjoxODAwMDAwMDAwMDAwfX0=",
          "dependencies": [
            "azurerm_public_ip.elb_pip",
            "module.rg.azurerm_resource_group.rg"
          ]
        }
      ]
    },
    {
      "mode": "managed",
      "type": "azurerm_lb_backend_address_pool",
      "name": "elb_backendpool",
      "provider": "provider[\"registry.terraform.io/hashicorp/azurerm\"]",
      "instances": [
        {
          "schema_version": 0,
          "attributes": {
            "backend_ip_configurations": [
              "/subscriptions/73f945ea-93d3-435b-8a04-fe92eb8645c7/resourceGroups/Hands-On-NO.2/providers/Microsoft.Compute/virtualMachineScaleSets/vmss-01/virtualMachines/0/networkInterfaces/vmss-01-NIC/ipConfigurations/vmss-01-int",
              "/subscriptions/73f945ea-93d3-435b-8a04-fe92eb8645c7/resourceGroups/Hands-On-NO.2/providers/Microsoft.Compute/virtualMachineScaleSets/vmss-01/virtualMachines/2/networkInterfaces/vmss-01-NIC/ipConfigurations/vmss-01-int"
            ],
            "id": "/subscriptions/73f945ea-93d3-435b-8a04-fe92eb8645c7/resourceGroups/Hands-On-NO.2/providers/Microsoft.Network/loadBalancers/Hands-On-NO.2-elb/backendAddressPools/elb_backendpool",
            "load_balancing_rules": [
              "/subscriptions/73f945ea-93d3-435b-8a04-fe92eb8645c7/resourceGroups/Hands-On-NO.2/providers/Microsoft.Network/loadBalancers/Hands-On-NO.2-elb/loadBalancingRules/ELB-HTTP-Rule"
            ],
            "loadbalancer_id": "/subscriptions/73f945ea-93d3-435b-8a04-fe92eb8645c7/resourceGroups/Hands-On-NO.2/providers/Microsoft.Network/loadBalancers/Hands-On-NO.2-elb",
            "name": "elb_backendpool",
            "resource_group_name": "Hands-On-NO.2",
            "timeouts": null
          },
          "sensitive_attributes": [],
          "private": "eyJlMmJmYjczMC1lY2FhLTExZTYtOGY4OC0zNDM2M2JjN2M0YzAiOnsiY3JlYXRlIjoxODAwMDAwMDAwMDAwLCJkZWxldGUiOjE4MDAwMDAwMDAwMDAsInJlYWQiOjMwMDAwMDAwMDAwMCwidXBkYXRlIjoxODAwMDAwMDAwMDAwfX0=",
          "dependencies": [
            "azurerm_lb.elb",
            "azurerm_public_ip.elb_pip",
            "module.rg.azurerm_resource_group.rg"
          ]
        }
      ]
    },
    {
      "mode": "managed",
      "type": "azurerm_lb_nat_pool",
      "name": "elb",
      "provider": "provider[\"registry.terraform.io/hashicorp/azurerm\"]",
      "instances": [
        {
          "schema_version": 0,
          "attributes": {
            "backend_port": 22,
            "frontend_ip_configuration_id": "/subscriptions/73f945ea-93d3-435b-8a04-fe92eb8645c7/resourceGroups/Hands-On-NO.2/providers/Microsoft.Network/loadBalancers/Hands-On-NO.2-elb/frontendIPConfigurations/elb_PIP",
            "frontend_ip_configuration_name": "elb_PIP",
            "frontend_port_end": 30010,
            "frontend_port_start": 30001,
            "id": "/subscriptions/73f945ea-93d3-435b-8a04-fe92eb8645c7/resourceGroups/Hands-On-NO.2/providers/Microsoft.Network/loadBalancers/Hands-On-NO.2-elb/inboundNatPools/VMSS-RDP",
            "loadbalancer_id": "/subscriptions/73f945ea-93d3-435b-8a04-fe92eb8645c7/resourceGroups/Hands-On-NO.2/providers/Microsoft.Network/loadBalancers/Hands-On-NO.2-elb",
            "name": "VMSS-RDP",
            "protocol": "Tcp",
            "resource_group_name": "Hands-On-NO.2",
            "timeouts": null
          },
          "sensitive_attributes": [],
          "private": "eyJlMmJmYjczMC1lY2FhLTExZTYtOGY4OC0zNDM2M2JjN2M0YzAiOnsiY3JlYXRlIjoxODAwMDAwMDAwMDAwLCJkZWxldGUiOjE4MDAwMDAwMDAwMDAsInJlYWQiOjMwMDAwMDAwMDAwMCwidXBkYXRlIjoxODAwMDAwMDAwMDAwfX0=",
          "dependencies": [
            "azurerm_lb.elb",
            "azurerm_public_ip.elb_pip",
            "module.rg.azurerm_resource_group.rg"
          ]
        }
      ]
    },
    {
      "mode": "managed",
      "type": "azurerm_lb_probe",
      "name": "elb_probe",
      "provider": "provider[\"registry.terraform.io/hashicorp/azurerm\"]",
      "instances": [
        {
          "schema_version": 0,
          "attributes": {
            "id": "/subscriptions/73f945ea-93d3-435b-8a04-fe92eb8645c7/resourceGroups/Hands-On-NO.2/providers/Microsoft.Network/loadBalancers/Hands-On-NO.2-elb/probes/HTTP-running-probe",
            "interval_in_seconds": 15,
            "load_balancer_rules": [
              "/subscriptions/73f945ea-93d3-435b-8a04-fe92eb8645c7/resourceGroups/Hands-On-NO.2/providers/Microsoft.Network/loadBalancers/Hands-On-NO.2-elb/loadBalancingRules/ELB-HTTP-Rule"
            ],
            "loadbalancer_id": "/subscriptions/73f945ea-93d3-435b-8a04-fe92eb8645c7/resourceGroups/Hands-On-NO.2/providers/Microsoft.Network/loadBalancers/Hands-On-NO.2-elb",
            "name": "HTTP-running-probe",
            "number_of_probes": 2,
            "port": 80,
            "protocol": "Tcp",
            "request_path": "",
            "resource_group_name": "Hands-On-NO.2",
            "timeouts": null
          },
          "sensitive_attributes": [],
          "private": "eyJlMmJmYjczMC1lY2FhLTExZTYtOGY4OC0zNDM2M2JjN2M0YzAiOnsiY3JlYXRlIjoxODAwMDAwMDAwMDAwLCJkZWxldGUiOjE4MDAwMDAwMDAwMDAsInJlYWQiOjMwMDAwMDAwMDAwMCwidXBkYXRlIjoxODAwMDAwMDAwMDAwfX0=",
          "dependencies": [
            "azurerm_lb.elb",
            "azurerm_public_ip.elb_pip",
            "module.rg.azurerm_resource_group.rg"
          ]
        }
      ]
    },
    {
      "mode": "managed",
      "type": "azurerm_lb_rule",
      "name": "elb-lbrule",
      "provider": "provider[\"registry.terraform.io/hashicorp/azurerm\"]",
      "instances": [
        {
          "schema_version": 0,
          "attributes": {
            "backend_address_pool_id": "/subscriptions/73f945ea-93d3-435b-8a04-fe92eb8645c7/resourceGroups/Hands-On-NO.2/providers/Microsoft.Network/loadBalancers/Hands-On-NO.2-elb/backendAddressPools/elb_backendpool",
            "backend_port": 80,
            "disable_outbound_snat": false,
            "enable_floating_ip": false,
            "enable_tcp_reset": false,
            "frontend_ip_configuration_id": "/subscriptions/73f945ea-93d3-435b-8a04-fe92eb8645c7/resourceGroups/Hands-On-NO.2/providers/Microsoft.Network/loadBalancers/Hands-On-NO.2-elb/frontendIPConfigurations/elb_PIP",
            "frontend_ip_configuration_name": "elb_PIP",
            "frontend_port": 80,
            "id": "/subscriptions/73f945ea-93d3-435b-8a04-fe92eb8645c7/resourceGroups/Hands-On-NO.2/providers/Microsoft.Network/loadBalancers/Hands-On-NO.2-elb/loadBalancingRules/ELB-HTTP-Rule",
            "idle_timeout_in_minutes": 4,
            "load_distribution": "Default",
            "loadbalancer_id": "/subscriptions/73f945ea-93d3-435b-8a04-fe92eb8645c7/resourceGroups/Hands-On-NO.2/providers/Microsoft.Network/loadBalancers/Hands-On-NO.2-elb",
            "name": "ELB-HTTP-Rule",
            "probe_id": "/subscriptions/73f945ea-93d3-435b-8a04-fe92eb8645c7/resourceGroups/Hands-On-NO.2/providers/Microsoft.Network/loadBalancers/Hands-On-NO.2-elb/probes/HTTP-running-probe",
            "protocol": "Tcp",
            "resource_group_name": "Hands-On-NO.2",
            "timeouts": null
          },
          "sensitive_attributes": [],
          "private": "eyJlMmJmYjczMC1lY2FhLTExZTYtOGY4OC0zNDM2M2JjN2M0YzAiOnsiY3JlYXRlIjoxODAwMDAwMDAwMDAwLCJkZWxldGUiOjE4MDAwMDAwMDAwMDAsInJlYWQiOjMwMDAwMDAwMDAwMCwidXBkYXRlIjoxODAwMDAwMDAwMDAwfX0=",
          "dependencies": [
            "azurerm_lb.elb",
            "azurerm_lb_backend_address_pool.elb_backendpool",
            "azurerm_lb_probe.elb_probe",
            "azurerm_public_ip.elb_pip",
            "module.rg.azurerm_resource_group.rg"
          ]
        }
      ]
    },
    {
      "mode": "managed",
      "type": "azurerm_linux_virtual_machine_scale_set",
      "name": "tfmodule",
      "provider": "provider[\"registry.terraform.io/hashicorp/azurerm\"]",
      "instances": [
        {
          "schema_version": 0,
          "attributes": {
            "additional_capabilities": [],
            "admin_password": "Azurexptmxm123",
            "admin_ssh_key": [],
            "admin_username": "azureuser",
            "automatic_instance_repair": [
              {
                "enabled": false,
                "grace_period": "PT30M"
              }
            ],
            "automatic_os_upgrade_policy": [
              {
                "disable_automatic_rollback": false,
                "enable_automatic_os_upgrade": false
              }
            ],
            "boot_diagnostics": [],
            "computer_name_prefix": "vmss-01",
            "custom_data": null,
            "data_disk": [],
            "disable_password_authentication": false,
            "do_not_run_extensions_on_overprovisioned_machines": false,
            "encryption_at_host_enabled": false,
            "eviction_policy": "",
            "extension": [],
            "health_probe_id": "/subscriptions/73f945ea-93d3-435b-8a04-fe92eb8645c7/resourceGroups/Hands-On-NO.2/providers/Microsoft.Network/loadBalancers/Hands-On-NO.2-elb/probes/HTTP-running-probe",
            "id": "/subscriptions/73f945ea-93d3-435b-8a04-fe92eb8645c7/resourceGroups/Hands-On-NO.2/providers/Microsoft.Compute/virtualMachineScaleSets/vmss-01",
            "identity": [],
            "instances": 2,
            "location": "eastus",
            "max_bid_price": -1,
            "name": "vmss-01",
            "network_interface": [
              {
                "dns_servers": [],
                "enable_accelerated_networking": false,
                "enable_ip_forwarding": false,
                "ip_configuration": [
                  {
                    "application_gateway_backend_address_pool_ids": [],
                    "application_security_group_ids": [],
                    "load_balancer_backend_address_pool_ids": [
                      "/subscriptions/73f945ea-93d3-435b-8a04-fe92eb8645c7/resourceGroups/Hands-On-NO.2/providers/Microsoft.Network/loadBalancers/Hands-On-NO.2-elb/backendAddressPools/elb_backendpool"
                    ],
                    "load_balancer_inbound_nat_rules_ids": [
                      "/subscriptions/73f945ea-93d3-435b-8a04-fe92eb8645c7/resourceGroups/Hands-On-NO.2/providers/Microsoft.Network/loadBalancers/Hands-On-NO.2-elb/inboundNatPools/VMSS-RDP"
                    ],
                    "name": "vmss-01-int",
                    "primary": true,
                    "public_ip_address": [
                      {
                        "domain_name_label": "",
                        "idle_timeout_in_minutes": 4,
                        "ip_tag": [],
                        "name": "elb_PIP",
                        "public_ip_prefix_id": ""
                      }
                    ],
                    "subnet_id": "/subscriptions/73f945ea-93d3-435b-8a04-fe92eb8645c7/resourceGroups/Hands-On-NO.2/providers/Microsoft.Network/virtualNetworks/vnet01/subnets/subnet01",
                    "version": "IPv4"
                  }
                ],
                "name": "vmss-01-NIC",
                "network_security_group_id": "",
                "primary": true
              }
            ],
            "os_disk": [
              {
                "caching": "ReadWrite",
                "diff_disk_settings": [],
                "disk_encryption_set_id": "",
                "disk_size_gb": 30,
                "storage_account_type": "StandardSSD_LRS",
                "write_accelerator_enabled": false
              }
            ],
            "overprovision": true,
            "plan": [],
            "platform_fault_domain_count": 0,
            "priority": "Regular",
            "provision_vm_agent": true,
            "proximity_placement_group_id": "",
            "resource_group_name": "Hands-On-NO.2",
            "rolling_upgrade_policy": [],
            "scale_in_policy": "Default",
            "secret": [],
            "single_placement_group": true,
            "sku": "Standard_F2",
            "source_image_id": "",
            "source_image_reference": [
              {
                "offer": "UbuntuServer",
                "publisher": "Canonical",
                "sku": "18.04-LTS",
                "version": "latest"
              }
            ],
            "tags": {},
            "terminate_notification": [],
            "timeouts": null,
            "unique_id": "dffad018-6442-4cb0-bc44-2f16ff3f5176",
            "upgrade_mode": "Automatic",
            "zone_balance": false,
            "zones": []
          },
          "sensitive_attributes": [],
          "private": "eyJlMmJmYjczMC1lY2FhLTExZTYtOGY4OC0zNDM2M2JjN2M0YzAiOnsiY3JlYXRlIjoxODAwMDAwMDAwMDAwLCJkZWxldGUiOjE4MDAwMDAwMDAwMDAsInJlYWQiOjMwMDAwMDAwMDAwMCwidXBkYXRlIjozNjAwMDAwMDAwMDAwfX0=",
          "dependencies": [
            "azurerm_lb.elb",
            "azurerm_lb_backend_address_pool.elb_backendpool",
            "azurerm_lb_nat_pool.elb",
            "azurerm_lb_probe.elb_probe",
            "azurerm_public_ip.elb_pip",
            "azurerm_subnet.subnet01",
            "azurerm_virtual_network.vnet01",
            "module.rg.azurerm_resource_group.rg"
          ]
        }
      ]
    },
    {
      "mode": "managed",
      "type": "azurerm_network_security_group",
      "name": "nsg1",
      "provider": "provider[\"registry.terraform.io/hashicorp/azurerm\"]",
      "instances": [
        {
          "schema_version": 0,
          "attributes": {
            "id": "/subscriptions/73f945ea-93d3-435b-8a04-fe92eb8645c7/resourceGroups/Hands-On-NO.2/providers/Microsoft.Network/networkSecurityGroups/Hands-On-NO.2-nsg1",
            "location": "eastus",
            "name": "Hands-On-NO.2-nsg1",
            "resource_group_name": "Hands-On-NO.2",
            "security_rule": [
              {
                "access": "Allow",
                "description": "",
                "destination_address_prefix": "*",
                "destination_address_prefixes": [],
                "destination_application_security_group_ids": [],
                "destination_port_range": "22",
                "destination_port_ranges": [],
                "direction": "Inbound",
                "name": "Allow_SSH",
                "priority": 100,
                "protocol": "Tcp",
                "source_address_prefix": "*",
                "source_address_prefixes": [],
                "source_application_security_group_ids": [],
                "source_port_range": "*",
                "source_port_ranges": []
              },
              {
                "access": "Allow",
                "description": "",
                "destination_address_prefix": "*",
                "destination_address_prefixes": [],
                "destination_application_security_group_ids": [],
                "destination_port_range": "3389",
                "destination_port_ranges": [],
                "direction": "Inbound",
                "name": "Allow_RDP",
                "priority": 150,
                "protocol": "Tcp",
                "source_address_prefix": "*",
                "source_address_prefixes": [],
                "source_application_security_group_ids": [],
                "source_port_range": "*",
                "source_port_ranges": []
              },
              {
                "access": "Allow",
                "description": "",
                "destination_address_prefix": "*",
                "destination_address_prefixes": [],
                "destination_application_security_group_ids": [],
                "destination_port_range": "80",
                "destination_port_ranges": [],
                "direction": "Inbound",
                "name": "Allow_HTTP",
                "priority": 200,
                "protocol": "Tcp",
                "source_address_prefix": "*",
                "source_address_prefixes": [],
                "source_application_security_group_ids": [],
                "source_port_range": "*",
                "source_port_ranges": []
              }
            ],
            "tags": {},
            "timeouts": null
          },
          "sensitive_attributes": [],
          "private": "eyJlMmJmYjczMC1lY2FhLTExZTYtOGY4OC0zNDM2M2JjN2M0YzAiOnsiY3JlYXRlIjoxODAwMDAwMDAwMDAwLCJkZWxldGUiOjE4MDAwMDAwMDAwMDAsInJlYWQiOjMwMDAwMDAwMDAwMCwidXBkYXRlIjoxODAwMDAwMDAwMDAwfX0=",
          "dependencies": [
            "module.rg.azurerm_resource_group.rg"
          ]
        }
      ]
    },
    {
      "mode": "managed",
      "type": "azurerm_public_ip",
      "name": "elb_pip",
      "provider": "provider[\"registry.terraform.io/hashicorp/azurerm\"]",
      "instances": [
        {
          "schema_version": 0,
          "attributes": {
            "allocation_method": "Static",
            "domain_name_label": null,
            "fqdn": null,
            "id": "/subscriptions/73f945ea-93d3-435b-8a04-fe92eb8645c7/resourceGroups/Hands-On-NO.2/providers/Microsoft.Network/publicIPAddresses/elb_PIP",
            "idle_timeout_in_minutes": 4,
            "ip_address": "40.88.196.235",
            "ip_version": "IPv4",
            "location": "eastus",
            "name": "elb_PIP",
            "public_ip_prefix_id": null,
            "resource_group_name": "Hands-On-NO.2",
            "reverse_fqdn": null,
            "sku": "Standard",
            "tags": {},
            "timeouts": null,
            "zones": []
          },
          "sensitive_attributes": [],
          "private": "eyJlMmJmYjczMC1lY2FhLTExZTYtOGY4OC0zNDM2M2JjN2M0YzAiOnsiY3JlYXRlIjoxODAwMDAwMDAwMDAwLCJkZWxldGUiOjE4MDAwMDAwMDAwMDAsInJlYWQiOjMwMDAwMDAwMDAwMCwidXBkYXRlIjoxODAwMDAwMDAwMDAwfX0=",
          "dependencies": [
            "module.rg.azurerm_resource_group.rg"
          ]
        }
      ]
    },
    {
      "mode": "managed",
      "type": "azurerm_subnet",
      "name": "subnet01",
      "provider": "provider[\"registry.terraform.io/hashicorp/azurerm\"]",
      "instances": [
        {
          "schema_version": 0,
          "attributes": {
            "address_prefix": "10.1.0.0/16",
            "address_prefixes": [
              "10.1.0.0/16"
            ],
            "delegation": [],
            "enforce_private_link_endpoint_network_policies": false,
            "enforce_private_link_service_network_policies": false,
            "id": "/subscriptions/73f945ea-93d3-435b-8a04-fe92eb8645c7/resourceGroups/Hands-On-NO.2/providers/Microsoft.Network/virtualNetworks/vnet01/subnets/subnet01",
            "name": "subnet01",
            "resource_group_name": "Hands-On-NO.2",
            "service_endpoints": [],
            "timeouts": null,
            "virtual_network_name": "vnet01"
          },
          "sensitive_attributes": [],
          "private": "eyJlMmJmYjczMC1lY2FhLTExZTYtOGY4OC0zNDM2M2JjN2M0YzAiOnsiY3JlYXRlIjoxODAwMDAwMDAwMDAwLCJkZWxldGUiOjE4MDAwMDAwMDAwMDAsInJlYWQiOjMwMDAwMDAwMDAwMCwidXBkYXRlIjoxODAwMDAwMDAwMDAwfX0=",
          "dependencies": [
            "azurerm_virtual_network.vnet01",
            "module.rg.azurerm_resource_group.rg"
          ]
        }
      ]
    },
    {
      "mode": "managed",
      "type": "azurerm_subnet_network_security_group_association",
      "name": "nsg01-subnet01",
      "provider": "provider[\"registry.terraform.io/hashicorp/azurerm\"]",
      "instances": [
        {
          "schema_version": 0,
          "attributes": {
            "id": "/subscriptions/73f945ea-93d3-435b-8a04-fe92eb8645c7/resourceGroups/Hands-On-NO.2/providers/Microsoft.Network/virtualNetworks/vnet01/subnets/subnet01",
            "network_security_group_id": "/subscriptions/73f945ea-93d3-435b-8a04-fe92eb8645c7/resourceGroups/Hands-On-NO.2/providers/Microsoft.Network/networkSecurityGroups/Hands-On-NO.2-nsg1",
            "subnet_id": "/subscriptions/73f945ea-93d3-435b-8a04-fe92eb8645c7/resourceGroups/Hands-On-NO.2/providers/Microsoft.Network/virtualNetworks/vnet01/subnets/subnet01",
            "timeouts": null
          },
          "sensitive_attributes": [],
          "private": "eyJlMmJmYjczMC1lY2FhLTExZTYtOGY4OC0zNDM2M2JjN2M0YzAiOnsiY3JlYXRlIjoxODAwMDAwMDAwMDAwLCJkZWxldGUiOjE4MDAwMDAwMDAwMDAsInJlYWQiOjMwMDAwMDAwMDAwMCwidXBkYXRlIjoxODAwMDAwMDAwMDAwfX0=",
          "dependencies": [
            "azurerm_network_security_group.nsg1",
            "azurerm_subnet.subnet01",
            "azurerm_virtual_network.vnet01",
            "module.rg.azurerm_resource_group.rg"
          ]
        }
      ]
    },
    {
      "mode": "managed",
      "type": "azurerm_virtual_machine_scale_set_extension",
      "name": "tfmodule",
      "provider": "provider[\"registry.terraform.io/hashicorp/azurerm\"]",
      "instances": [
        {
          "schema_version": 0,
          "attributes": {
            "auto_upgrade_minor_version": true,
            "force_update_tag": "",
            "id": "/subscriptions/73f945ea-93d3-435b-8a04-fe92eb8645c7/resourceGroups/Hands-On-NO.2/providers/Microsoft.Compute/virtualMachineScaleSets/vmss-01/extensions/nginx",
            "name": "nginx",
            "protected_settings": null,
            "provision_after_extensions": [],
            "publisher": "Microsoft.Azure.Extensions",
            "settings": "{\"commandToExecute\":\"apt-get -y update \\u0026\\u0026 apt-get -y install nginx \\u0026\\u0026 hostname \\u003e /var/www/html/index.html\"}",
            "timeouts": null,
            "type": "CustomScript",
            "type_handler_version": "2.0",
            "virtual_machine_scale_set_id": "/subscriptions/73f945ea-93d3-435b-8a04-fe92eb8645c7/resourceGroups/Hands-On-NO.2/providers/Microsoft.Compute/virtualMachineScaleSets/vmss-01"
          },
          "sensitive_attributes": [],
          "private": "eyJlMmJmYjczMC1lY2FhLTExZTYtOGY4OC0zNDM2M2JjN2M0YzAiOnsiY3JlYXRlIjoxODAwMDAwMDAwMDAwLCJkZWxldGUiOjE4MDAwMDAwMDAwMDAsInJlYWQiOjMwMDAwMDAwMDAwMCwidXBkYXRlIjoxODAwMDAwMDAwMDAwfX0=",
          "dependencies": [
            "azurerm_linux_virtual_machine_scale_set.tfmodule"
          ]
        }
      ]
    },
    {
      "mode": "managed",
      "type": "azurerm_virtual_network",
      "name": "vnet01",
      "provider": "provider[\"registry.terraform.io/hashicorp/azurerm\"]",
      "instances": [
        {
          "schema_version": 0,
          "attributes": {
            "address_space": [
              "10.0.0.0/8"
            ],
            "bgp_community": "",
            "ddos_protection_plan": [],
            "dns_servers": [],
            "guid": "f26ebdf8-d4aa-450f-901e-1b28c6c36b22",
            "id": "/subscriptions/73f945ea-93d3-435b-8a04-fe92eb8645c7/resourceGroups/Hands-On-NO.2/providers/Microsoft.Network/virtualNetworks/vnet01",
            "location": "eastus",
            "name": "vnet01",
            "resource_group_name": "Hands-On-NO.2",
            "subnet": [
              {
                "address_prefix": "10.1.0.0/16",
                "id": "/subscriptions/73f945ea-93d3-435b-8a04-fe92eb8645c7/resourceGroups/Hands-On-NO.2/providers/Microsoft.Network/virtualNetworks/vnet01/subnets/subnet01",
                "name": "subnet01",
                "security_group": "/subscriptions/73f945ea-93d3-435b-8a04-fe92eb8645c7/resourceGroups/Hands-On-NO.2/providers/Microsoft.Network/networkSecurityGroups/Hands-On-NO.2-nsg1"
              }
            ],
            "tags": {},
            "timeouts": null,
            "vm_protection_enabled": false
          },
          "sensitive_attributes": [],
          "private": "eyJlMmJmYjczMC1lY2FhLTExZTYtOGY4OC0zNDM2M2JjN2M0YzAiOnsiY3JlYXRlIjoxODAwMDAwMDAwMDAwLCJkZWxldGUiOjE4MDAwMDAwMDAwMDAsInJlYWQiOjMwMDAwMDAwMDAwMCwidXBkYXRlIjoxODAwMDAwMDAwMDAwfX0=",
          "dependencies": [
            "module.rg.azurerm_resource_group.rg"
          ]
        }
      ]
    },
    {
      "module": "module.rg",
      "mode": "managed",
      "type": "azurerm_resource_group",
      "name": "rg",
      "provider": "provider[\"registry.terraform.io/hashicorp/azurerm\"]",
      "instances": [
        {
          "schema_version": 0,
          "attributes": {
            "id": "/subscriptions/73f945ea-93d3-435b-8a04-fe92eb8645c7/resourceGroups/Hands-On-NO.2",
            "location": "eastus",
            "name": "Hands-On-NO.2",
            "tags": {},
            "timeouts": null
          },
          "sensitive_attributes": [],
          "private": "eyJlMmJmYjczMC1lY2FhLTExZTYtOGY4OC0zNDM2M2JjN2M0YzAiOnsiY3JlYXRlIjo1NDAwMDAwMDAwMDAwLCJkZWxldGUiOjU0MDAwMDAwMDAwMDAsInJlYWQiOjMwMDAwMDAwMDAwMCwidXBkYXRlIjo1NDAwMDAwMDAwMDAwfX0="
        }
      ]
    }
  ]
}
