{
  "version": 4,
  "terraform_version": "0.14.2",
  "serial": 191,
  "lineage": "2c946dba-52d3-a692-ec36-e1a844f82bf5",
  "outputs": {},
  "resources": [
    {
      "mode": "managed",
      "type": "azurerm_availability_set",
      "name": "AVSet01",
      "provider": "provider[\"registry.terraform.io/hashicorp/azurerm\"]",
      "instances": [
        {
          "schema_version": 0,
          "attributes": {
            "id": "/subscriptions/73f945ea-93d3-435b-8a04-fe92eb8645c7/resourceGroups/Hands-On-NO.1/providers/Microsoft.Compute/availabilitySets/Hands-On-NO.1-AVSet01",
            "location": "eastus",
            "managed": true,
            "name": "Hands-On-NO.1-AVSet01",
            "platform_fault_domain_count": 3,
            "platform_update_domain_count": 5,
            "proximity_placement_group_id": null,
            "resource_group_name": "Hands-On-NO.1",
            "tags": {},
            "timeouts": null
          },
          "sensitive_attributes": [],
          "private": "eyJlMmJmYjczMC1lY2FhLTExZTYtOGY4OC0zNDM2M2JjN2M0YzAiOnsiY3JlYXRlIjoxODAwMDAwMDAwMDAwLCJkZWxldGUiOjE4MDAwMDAwMDAwMDAsInJlYWQiOjMwMDAwMDAwMDAwMCwidXBkYXRlIjoxODAwMDAwMDAwMDAwfX0=",
          "dependencies": [
            "module.rg.azurerm_resource_group.rg"
          ]
        }
      ]
    },
    {
      "mode": "managed",
      "type": "azurerm_lb",
      "name": "elb",
      "provider": "provider[\"registry.terraform.io/hashicorp/azurerm\"]",
      "instances": [
        {
          "schema_version": 0,
          "attributes": {
            "frontend_ip_configuration": [
              {
                "id": "/subscriptions/73f945ea-93d3-435b-8a04-fe92eb8645c7/resourceGroups/Hands-On-NO.1/providers/Microsoft.Network/loadBalancers/Hands-On-NO.1-elb/frontendIPConfigurations/elb_PIP",
                "inbound_nat_rules": [
                  "/subscriptions/73f945ea-93d3-435b-8a04-fe92eb8645c7/resourceGroups/Hands-On-NO.1/providers/Microsoft.Network/loadBalancers/Hands-On-NO.1-elb/inboundNatRules/VM01-SSH",
                  "/subscriptions/73f945ea-93d3-435b-8a04-fe92eb8645c7/resourceGroups/Hands-On-NO.1/providers/Microsoft.Network/loadBalancers/Hands-On-NO.1-elb/inboundNatRules/VM02-SSH"
                ],
                "load_balancer_rules": [
                  "/subscriptions/73f945ea-93d3-435b-8a04-fe92eb8645c7/resourceGroups/Hands-On-NO.1/providers/Microsoft.Network/loadBalancers/Hands-On-NO.1-elb/loadBalancingRules/ELB-HTTP-Rule"
                ],
                "name": "elb_PIP",
                "outbound_rules": [],
                "private_ip_address": "",
                "private_ip_address_allocation": "Dynamic",
                "private_ip_address_version": "IPv4",
                "public_ip_address_id": "/subscriptions/73f945ea-93d3-435b-8a04-fe92eb8645c7/resourceGroups/Hands-On-NO.1/providers/Microsoft.Network/publicIPAddresses/elb_PIP",
                "public_ip_prefix_id": "",
                "subnet_id": "",
                "zones": []
              }
            ],
            "id": "/subscriptions/73f945ea-93d3-435b-8a04-fe92eb8645c7/resourceGroups/Hands-On-NO.1/providers/Microsoft.Network/loadBalancers/Hands-On-NO.1-elb",
            "location": "eastus",
            "name": "Hands-On-NO.1-elb",
            "private_ip_address": "",
            "private_ip_addresses": [],
            "resource_group_name": "Hands-On-NO.1",
            "sku": "Standard",
            "tags": {},
            "timeouts": null
          },
          "sensitive_attributes": [],
          "private": "eyJlMmJmYjczMC1lY2FhLTExZTYtOGY4OC0zNDM2M2JjN2M0YzAiOnsiY3JlYXRlIjoxODAwMDAwMDAwMDAwLCJkZWxldGUiOjE4MDAwMDAwMDAwMDAsInJlYWQiOjMwMDAwMDAwMDAwMCwidXBkYXRlIjoxODAwMDAwMDAwMDAwfX0=",
          "dependencies": [
            "azurerm_public_ip.elb_pip",
            "module.rg.azurerm_resource_group.rg"
          ]
        }
      ]
    },
    {
      "mode": "managed",
      "type": "azurerm_lb_backend_address_pool",
      "name": "elb_backendpool",
      "provider": "provider[\"registry.terraform.io/hashicorp/azurerm\"]",
      "instances": [
        {
          "schema_version": 0,
          "attributes": {
            "backend_ip_configurations": [
              "/subscriptions/73f945ea-93d3-435b-8a04-fe92eb8645c7/resourceGroups/Hands-On-NO.1/providers/Microsoft.Network/networkInterfaces/vm01_nic/ipConfigurations/internal",
              "/subscriptions/73f945ea-93d3-435b-8a04-fe92eb8645c7/resourceGroups/Hands-On-NO.1/providers/Microsoft.Network/networkInterfaces/vm02_nic/ipConfigurations/internal"
            ],
            "id": "/subscriptions/73f945ea-93d3-435b-8a04-fe92eb8645c7/resourceGroups/Hands-On-NO.1/providers/Microsoft.Network/loadBalancers/Hands-On-NO.1-elb/backendAddressPools/elb_backendpool",
            "load_balancing_rules": [
              "/subscriptions/73f945ea-93d3-435b-8a04-fe92eb8645c7/resourceGroups/Hands-On-NO.1/providers/Microsoft.Network/loadBalancers/Hands-On-NO.1-elb/loadBalancingRules/ELB-HTTP-Rule"
            ],
            "loadbalancer_id": "/subscriptions/73f945ea-93d3-435b-8a04-fe92eb8645c7/resourceGroups/Hands-On-NO.1/providers/Microsoft.Network/loadBalancers/Hands-On-NO.1-elb",
            "name": "elb_backendpool",
            "resource_group_name": "Hands-On-NO.1",
            "timeouts": null
          },
          "sensitive_attributes": [],
          "private": "eyJlMmJmYjczMC1lY2FhLTExZTYtOGY4OC0zNDM2M2JjN2M0YzAiOnsiY3JlYXRlIjoxODAwMDAwMDAwMDAwLCJkZWxldGUiOjE4MDAwMDAwMDAwMDAsInJlYWQiOjMwMDAwMDAwMDAwMCwidXBkYXRlIjoxODAwMDAwMDAwMDAwfX0=",
          "dependencies": [
            "azurerm_lb.elb",
            "azurerm_public_ip.elb_pip",
            "module.rg.azurerm_resource_group.rg"
          ]
        }
      ]
    },
    {
      "mode": "managed",
      "type": "azurerm_lb_nat_rule",
      "name": "elbrule01",
      "provider": "provider[\"registry.terraform.io/hashicorp/azurerm\"]",
      "instances": [
        {
          "schema_version": 0,
          "attributes": {
            "backend_ip_configuration_id": "/subscriptions/73f945ea-93d3-435b-8a04-fe92eb8645c7/resourceGroups/Hands-On-NO.1/providers/Microsoft.Network/networkInterfaces/vm01_nic/ipConfigurations/internal",
            "backend_port": 22,
            "enable_floating_ip": false,
            "enable_tcp_reset": false,
            "frontend_ip_configuration_id": "/subscriptions/73f945ea-93d3-435b-8a04-fe92eb8645c7/resourceGroups/Hands-On-NO.1/providers/Microsoft.Network/loadBalancers/Hands-On-NO.1-elb/frontendIPConfigurations/elb_PIP",
            "frontend_ip_configuration_name": "elb_PIP",
            "frontend_port": 30001,
            "id": "/subscriptions/73f945ea-93d3-435b-8a04-fe92eb8645c7/resourceGroups/Hands-On-NO.1/providers/Microsoft.Network/loadBalancers/Hands-On-NO.1-elb/inboundNatRules/VM01-SSH",
            "idle_timeout_in_minutes": 4,
            "loadbalancer_id": "/subscriptions/73f945ea-93d3-435b-8a04-fe92eb8645c7/resourceGroups/Hands-On-NO.1/providers/Microsoft.Network/loadBalancers/Hands-On-NO.1-elb",
            "name": "VM01-SSH",
            "protocol": "Tcp",
            "resource_group_name": "Hands-On-NO.1",
            "timeouts": null
          },
          "sensitive_attributes": [],
          "private": "eyJlMmJmYjczMC1lY2FhLTExZTYtOGY4OC0zNDM2M2JjN2M0YzAiOnsiY3JlYXRlIjoxODAwMDAwMDAwMDAwLCJkZWxldGUiOjE4MDAwMDAwMDAwMDAsInJlYWQiOjMwMDAwMDAwMDAwMCwidXBkYXRlIjoxODAwMDAwMDAwMDAwfX0=",
          "dependencies": [
            "azurerm_lb.elb",
            "azurerm_public_ip.elb_pip",
            "module.rg.azurerm_resource_group.rg"
          ]
        }
      ]
    },
    {
      "mode": "managed",
      "type": "azurerm_lb_nat_rule",
      "name": "elbrule02",
      "provider": "provider[\"registry.terraform.io/hashicorp/azurerm\"]",
      "instances": [
        {
          "schema_version": 0,
          "attributes": {
            "backend_ip_configuration_id": "/subscriptions/73f945ea-93d3-435b-8a04-fe92eb8645c7/resourceGroups/Hands-On-NO.1/providers/Microsoft.Network/networkInterfaces/vm02_nic/ipConfigurations/internal",
            "backend_port": 22,
            "enable_floating_ip": false,
            "enable_tcp_reset": false,
            "frontend_ip_configuration_id": "/subscriptions/73f945ea-93d3-435b-8a04-fe92eb8645c7/resourceGroups/Hands-On-NO.1/providers/Microsoft.Network/loadBalancers/Hands-On-NO.1-elb/frontendIPConfigurations/elb_PIP",
            "frontend_ip_configuration_name": "elb_PIP",
            "frontend_port": 30002,
            "id": "/subscriptions/73f945ea-93d3-435b-8a04-fe92eb8645c7/resourceGroups/Hands-On-NO.1/providers/Microsoft.Network/loadBalancers/Hands-On-NO.1-elb/inboundNatRules/VM02-SSH",
            "idle_timeout_in_minutes": 4,
            "loadbalancer_id": "/subscriptions/73f945ea-93d3-435b-8a04-fe92eb8645c7/resourceGroups/Hands-On-NO.1/providers/Microsoft.Network/loadBalancers/Hands-On-NO.1-elb",
            "name": "VM02-SSH",
            "protocol": "Tcp",
            "resource_group_name": "Hands-On-NO.1",
            "timeouts": null
          },
          "sensitive_attributes": [],
          "private": "eyJlMmJmYjczMC1lY2FhLTExZTYtOGY4OC0zNDM2M2JjN2M0YzAiOnsiY3JlYXRlIjoxODAwMDAwMDAwMDAwLCJkZWxldGUiOjE4MDAwMDAwMDAwMDAsInJlYWQiOjMwMDAwMDAwMDAwMCwidXBkYXRlIjoxODAwMDAwMDAwMDAwfX0=",
          "dependencies": [
            "azurerm_lb.elb",
            "azurerm_public_ip.elb_pip",
            "module.rg.azurerm_resource_group.rg"
          ]
        }
      ]
    },
    {
      "mode": "managed",
      "type": "azurerm_lb_probe",
      "name": "elb_probe",
      "provider": "provider[\"registry.terraform.io/hashicorp/azurerm\"]",
      "instances": [
        {
          "schema_version": 0,
          "attributes": {
            "id": "/subscriptions/73f945ea-93d3-435b-8a04-fe92eb8645c7/resourceGroups/Hands-On-NO.1/providers/Microsoft.Network/loadBalancers/Hands-On-NO.1-elb/probes/HTTP-running-probe",
            "interval_in_seconds": 15,
            "load_balancer_rules": [
              "/subscriptions/73f945ea-93d3-435b-8a04-fe92eb8645c7/resourceGroups/Hands-On-NO.1/providers/Microsoft.Network/loadBalancers/Hands-On-NO.1-elb/loadBalancingRules/ELB-HTTP-Rule"
            ],
            "loadbalancer_id": "/subscriptions/73f945ea-93d3-435b-8a04-fe92eb8645c7/resourceGroups/Hands-On-NO.1/providers/Microsoft.Network/loadBalancers/Hands-On-NO.1-elb",
            "name": "HTTP-running-probe",
            "number_of_probes": 2,
            "port": 80,
            "protocol": "Tcp",
            "request_path": "",
            "resource_group_name": "Hands-On-NO.1",
            "timeouts": null
          },
          "sensitive_attributes": [],
          "private": "eyJlMmJmYjczMC1lY2FhLTExZTYtOGY4OC0zNDM2M2JjN2M0YzAiOnsiY3JlYXRlIjoxODAwMDAwMDAwMDAwLCJkZWxldGUiOjE4MDAwMDAwMDAwMDAsInJlYWQiOjMwMDAwMDAwMDAwMCwidXBkYXRlIjoxODAwMDAwMDAwMDAwfX0=",
          "dependencies": [
            "azurerm_lb.elb",
            "azurerm_public_ip.elb_pip",
            "module.rg.azurerm_resource_group.rg"
          ]
        }
      ]
    },
    {
      "mode": "managed",
      "type": "azurerm_lb_rule",
      "name": "elb-lbrule",
      "provider": "provider[\"registry.terraform.io/hashicorp/azurerm\"]",
      "instances": [
        {
          "schema_version": 0,
          "attributes": {
            "backend_address_pool_id": "/subscriptions/73f945ea-93d3-435b-8a04-fe92eb8645c7/resourceGroups/Hands-On-NO.1/providers/Microsoft.Network/loadBalancers/Hands-On-NO.1-elb/backendAddressPools/elb_backendpool",
            "backend_port": 80,
            "disable_outbound_snat": false,
            "enable_floating_ip": false,
            "enable_tcp_reset": false,
            "frontend_ip_configuration_id": "/subscriptions/73f945ea-93d3-435b-8a04-fe92eb8645c7/resourceGroups/Hands-On-NO.1/providers/Microsoft.Network/loadBalancers/Hands-On-NO.1-elb/frontendIPConfigurations/elb_PIP",
            "frontend_ip_configuration_name": "elb_PIP",
            "frontend_port": 80,
            "id": "/subscriptions/73f945ea-93d3-435b-8a04-fe92eb8645c7/resourceGroups/Hands-On-NO.1/providers/Microsoft.Network/loadBalancers/Hands-On-NO.1-elb/loadBalancingRules/ELB-HTTP-Rule",
            "idle_timeout_in_minutes": 4,
            "load_distribution": "Default",
            "loadbalancer_id": "/subscriptions/73f945ea-93d3-435b-8a04-fe92eb8645c7/resourceGroups/Hands-On-NO.1/providers/Microsoft.Network/loadBalancers/Hands-On-NO.1-elb",
            "name": "ELB-HTTP-Rule",
            "probe_id": "/subscriptions/73f945ea-93d3-435b-8a04-fe92eb8645c7/resourceGroups/Hands-On-NO.1/providers/Microsoft.Network/loadBalancers/Hands-On-NO.1-elb/probes/HTTP-running-probe",
            "protocol": "Tcp",
            "resource_group_name": "Hands-On-NO.1",
            "timeouts": null
          },
          "sensitive_attributes": [],
          "private": "eyJlMmJmYjczMC1lY2FhLTExZTYtOGY4OC0zNDM2M2JjN2M0YzAiOnsiY3JlYXRlIjoxODAwMDAwMDAwMDAwLCJkZWxldGUiOjE4MDAwMDAwMDAwMDAsInJlYWQiOjMwMDAwMDAwMDAwMCwidXBkYXRlIjoxODAwMDAwMDAwMDAwfX0=",
          "dependencies": [
            "azurerm_lb.elb",
            "azurerm_lb_backend_address_pool.elb_backendpool",
            "azurerm_lb_probe.elb_probe",
            "azurerm_public_ip.elb_pip",
            "module.rg.azurerm_resource_group.rg"
          ]
        }
      ]
    },
    {
      "mode": "managed",
      "type": "azurerm_linux_virtual_machine",
      "name": "vm01",
      "provider": "provider[\"registry.terraform.io/hashicorp/azurerm\"]",
      "instances": [
        {
          "schema_version": 0,
          "attributes": {
            "additional_capabilities": [],
            "admin_password": "Azurexptmxm123",
            "admin_ssh_key": [],
            "admin_username": "azureuser",
            "allow_extension_operations": true,
            "availability_set_id": "/subscriptions/73f945ea-93d3-435b-8a04-fe92eb8645c7/resourceGroups/Hands-On-NO.1/providers/Microsoft.Compute/availabilitySets/HANDS-ON-NO.1-AVSET01",
            "boot_diagnostics": [],
            "computer_name": "vm01",
            "custom_data": null,
            "dedicated_host_id": "",
            "disable_password_authentication": false,
            "encryption_at_host_enabled": false,
            "eviction_policy": "",
            "extensions_time_budget": "PT1H30M",
            "id": "/subscriptions/73f945ea-93d3-435b-8a04-fe92eb8645c7/resourceGroups/Hands-On-NO.1/providers/Microsoft.Compute/virtualMachines/vm01",
            "identity": [],
            "location": "eastus",
            "max_bid_price": -1,
            "name": "vm01",
            "network_interface_ids": [
              "/subscriptions/73f945ea-93d3-435b-8a04-fe92eb8645c7/resourceGroups/Hands-On-NO.1/providers/Microsoft.Network/networkInterfaces/vm01_nic"
            ],
            "os_disk": [
              {
                "caching": "ReadWrite",
                "diff_disk_settings": [],
                "disk_encryption_set_id": "",
                "disk_size_gb": 30,
                "name": "vm01_OsDisk_1_c9c4b7bad87f42f8b969c5f3b7dece27",
                "storage_account_type": "Standard_LRS",
                "write_accelerator_enabled": false
              }
            ],
            "plan": [],
            "priority": "Regular",
            "private_ip_address": "10.1.0.4",
            "private_ip_addresses": [
              "10.1.0.4"
            ],
            "provision_vm_agent": true,
            "proximity_placement_group_id": "",
            "public_ip_address": "",
            "public_ip_addresses": [],
            "resource_group_name": "Hands-On-NO.1",
            "secret": [],
            "size": "Standard_F2",
            "source_image_id": "",
            "source_image_reference": [
              {
                "offer": "UbuntuServer",
                "publisher": "Canonical",
                "sku": "18.04-LTS",
                "version": "latest"
              }
            ],
            "tags": {},
            "timeouts": null,
            "virtual_machine_id": "95637b95-0139-4a06-a843-64fe4a607469",
            "virtual_machine_scale_set_id": "",
            "zone": ""
          },
          "sensitive_attributes": [],
          "private": "eyJlMmJmYjczMC1lY2FhLTExZTYtOGY4OC0zNDM2M2JjN2M0YzAiOnsiY3JlYXRlIjoyNzAwMDAwMDAwMDAwLCJkZWxldGUiOjI3MDAwMDAwMDAwMDAsInJlYWQiOjMwMDAwMDAwMDAwMCwidXBkYXRlIjoyNzAwMDAwMDAwMDAwfX0=",
          "dependencies": [
            "azurerm_availability_set.AVSet01",
            "azurerm_network_interface.vm01-nic",
            "azurerm_subnet.subnet01",
            "azurerm_virtual_network.vnet01",
            "module.rg.azurerm_resource_group.rg"
          ]
        }
      ]
    },
    {
      "mode": "managed",
      "type": "azurerm_linux_virtual_machine",
      "name": "vm02",
      "provider": "provider[\"registry.terraform.io/hashicorp/azurerm\"]",
      "instances": [
        {
          "schema_version": 0,
          "attributes": {
            "additional_capabilities": [],
            "admin_password": "Azurexptmxm123",
            "admin_ssh_key": [],
            "admin_username": "azureuser",
            "allow_extension_operations": true,
            "availability_set_id": "/subscriptions/73f945ea-93d3-435b-8a04-fe92eb8645c7/resourceGroups/Hands-On-NO.1/providers/Microsoft.Compute/availabilitySets/HANDS-ON-NO.1-AVSET01",
            "boot_diagnostics": [],
            "computer_name": "vm02",
            "custom_data": null,
            "dedicated_host_id": "",
            "disable_password_authentication": false,
            "encryption_at_host_enabled": false,
            "eviction_policy": "",
            "extensions_time_budget": "PT1H30M",
            "id": "/subscriptions/73f945ea-93d3-435b-8a04-fe92eb8645c7/resourceGroups/Hands-On-NO.1/providers/Microsoft.Compute/virtualMachines/vm02",
            "identity": [],
            "location": "eastus",
            "max_bid_price": -1,
            "name": "vm02",
            "network_interface_ids": [
              "/subscriptions/73f945ea-93d3-435b-8a04-fe92eb8645c7/resourceGroups/Hands-On-NO.1/providers/Microsoft.Network/networkInterfaces/vm02_nic"
            ],
            "os_disk": [
              {
                "caching": "ReadWrite",
                "diff_disk_settings": [],
                "disk_encryption_set_id": "",
                "disk_size_gb": 30,
                "name": "vm02_OsDisk_1_1e9cfbf22d974294ac679d3a7d2c0230",
                "storage_account_type": "Standard_LRS",
                "write_accelerator_enabled": false
              }
            ],
            "plan": [],
            "priority": "Regular",
            "private_ip_address": "10.1.0.5",
            "private_ip_addresses": [
              "10.1.0.5"
            ],
            "provision_vm_agent": true,
            "proximity_placement_group_id": "",
            "public_ip_address": "",
            "public_ip_addresses": [],
            "resource_group_name": "Hands-On-NO.1",
            "secret": [],
            "size": "Standard_F2",
            "source_image_id": "",
            "source_image_reference": [
              {
                "offer": "UbuntuServer",
                "publisher": "Canonical",
                "sku": "18.04-LTS",
                "version": "latest"
              }
            ],
            "tags": {},
            "timeouts": null,
            "virtual_machine_id": "bf3a7916-562c-4c71-ad6b-c2597b195762",
            "virtual_machine_scale_set_id": "",
            "zone": ""
          },
          "sensitive_attributes": [],
          "private": "eyJlMmJmYjczMC1lY2FhLTExZTYtOGY4OC0zNDM2M2JjN2M0YzAiOnsiY3JlYXRlIjoyNzAwMDAwMDAwMDAwLCJkZWxldGUiOjI3MDAwMDAwMDAwMDAsInJlYWQiOjMwMDAwMDAwMDAwMCwidXBkYXRlIjoyNzAwMDAwMDAwMDAwfX0=",
          "dependencies": [
            "azurerm_availability_set.AVSet01",
            "azurerm_network_interface.vm02-nic",
            "azurerm_subnet.subnet01",
            "azurerm_virtual_network.vnet01",
            "module.rg.azurerm_resource_group.rg"
          ]
        }
      ]
    },
    {
      "mode": "managed",
      "type": "azurerm_network_interface",
      "name": "vm01-nic",
      "provider": "provider[\"registry.terraform.io/hashicorp/azurerm\"]",
      "instances": [
        {
          "schema_version": 0,
          "attributes": {
            "applied_dns_servers": [],
            "dns_servers": [],
            "enable_accelerated_networking": false,
            "enable_ip_forwarding": false,
            "id": "/subscriptions/73f945ea-93d3-435b-8a04-fe92eb8645c7/resourceGroups/Hands-On-NO.1/providers/Microsoft.Network/networkInterfaces/vm01_nic",
            "internal_dns_name_label": "",
            "internal_domain_name_suffix": "ycgvb1so3leetnpp0cwwwmwd0e.bx.internal.cloudapp.net",
            "ip_configuration": [
              {
                "name": "internal",
                "primary": true,
                "private_ip_address": "10.1.0.4",
                "private_ip_address_allocation": "Static",
                "private_ip_address_version": "IPv4",
                "public_ip_address_id": "",
                "subnet_id": "/subscriptions/73f945ea-93d3-435b-8a04-fe92eb8645c7/resourceGroups/Hands-On-NO.1/providers/Microsoft.Network/virtualNetworks/vnet01/subnets/subnet01"
              }
            ],
            "location": "eastus",
            "mac_address": "00-22-48-1E-13-91",
            "name": "vm01_nic",
            "private_ip_address": "10.1.0.4",
            "private_ip_addresses": [
              "10.1.0.4"
            ],
            "resource_group_name": "Hands-On-NO.1",
            "tags": {},
            "timeouts": null,
            "virtual_machine_id": "/subscriptions/73f945ea-93d3-435b-8a04-fe92eb8645c7/resourceGroups/Hands-On-NO.1/providers/Microsoft.Compute/virtualMachines/vm01"
          },
          "sensitive_attributes": [],
          "private": "eyJlMmJmYjczMC1lY2FhLTExZTYtOGY4OC0zNDM2M2JjN2M0YzAiOnsiY3JlYXRlIjoxODAwMDAwMDAwMDAwLCJkZWxldGUiOjE4MDAwMDAwMDAwMDAsInJlYWQiOjMwMDAwMDAwMDAwMCwidXBkYXRlIjoxODAwMDAwMDAwMDAwfX0=",
          "dependencies": [
            "azurerm_subnet.subnet01",
            "azurerm_virtual_network.vnet01",
            "module.rg.azurerm_resource_group.rg"
          ]
        }
      ]
    },
    {
      "mode": "managed",
      "type": "azurerm_network_interface",
      "name": "vm02-nic",
      "provider": "provider[\"registry.terraform.io/hashicorp/azurerm\"]",
      "instances": [
        {
          "schema_version": 0,
          "attributes": {
            "applied_dns_servers": [],
            "dns_servers": [],
            "enable_accelerated_networking": false,
            "enable_ip_forwarding": false,
            "id": "/subscriptions/73f945ea-93d3-435b-8a04-fe92eb8645c7/resourceGroups/Hands-On-NO.1/providers/Microsoft.Network/networkInterfaces/vm02_nic",
            "internal_dns_name_label": "",
            "internal_domain_name_suffix": "ycgvb1so3leetnpp0cwwwmwd0e.bx.internal.cloudapp.net",
            "ip_configuration": [
              {
                "name": "internal",
                "primary": true,
                "private_ip_address": "10.1.0.5",
                "private_ip_address_allocation": "Static",
                "private_ip_address_version": "IPv4",
                "public_ip_address_id": "",
                "subnet_id": "/subscriptions/73f945ea-93d3-435b-8a04-fe92eb8645c7/resourceGroups/Hands-On-NO.1/providers/Microsoft.Network/virtualNetworks/vnet01/subnets/subnet01"
              }
            ],
            "location": "eastus",
            "mac_address": "00-0D-3A-9D-5E-CF",
            "name": "vm02_nic",
            "private_ip_address": "10.1.0.5",
            "private_ip_addresses": [
              "10.1.0.5"
            ],
            "resource_group_name": "Hands-On-NO.1",
            "tags": {},
            "timeouts": null,
            "virtual_machine_id": "/subscriptions/73f945ea-93d3-435b-8a04-fe92eb8645c7/resourceGroups/Hands-On-NO.1/providers/Microsoft.Compute/virtualMachines/vm02"
          },
          "sensitive_attributes": [],
          "private": "eyJlMmJmYjczMC1lY2FhLTExZTYtOGY4OC0zNDM2M2JjN2M0YzAiOnsiY3JlYXRlIjoxODAwMDAwMDAwMDAwLCJkZWxldGUiOjE4MDAwMDAwMDAwMDAsInJlYWQiOjMwMDAwMDAwMDAwMCwidXBkYXRlIjoxODAwMDAwMDAwMDAwfX0=",
          "dependencies": [
            "azurerm_subnet.subnet01",
            "azurerm_virtual_network.vnet01",
            "module.rg.azurerm_resource_group.rg"
          ]
        }
      ]
    },
    {
      "mode": "managed",
      "type": "azurerm_network_interface_backend_address_pool_association",
      "name": "vm01-back",
      "provider": "provider[\"registry.terraform.io/hashicorp/azurerm\"]",
      "instances": [
        {
          "schema_version": 0,
          "attributes": {
            "backend_address_pool_id": "/subscriptions/73f945ea-93d3-435b-8a04-fe92eb8645c7/resourceGroups/Hands-On-NO.1/providers/Microsoft.Network/loadBalancers/Hands-On-NO.1-elb/backendAddressPools/elb_backendpool",
            "id": "/subscriptions/73f945ea-93d3-435b-8a04-fe92eb8645c7/resourceGroups/Hands-On-NO.1/providers/Microsoft.Network/networkInterfaces/vm01_nic/ipConfigurations/internal|/subscriptions/73f945ea-93d3-435b-8a04-fe92eb8645c7/resourceGroups/Hands-On-NO.1/providers/Microsoft.Network/loadBalancers/Hands-On-NO.1-elb/backendAddressPools/elb_backendpool",
            "ip_configuration_name": "internal",
            "network_interface_id": "/subscriptions/73f945ea-93d3-435b-8a04-fe92eb8645c7/resourceGroups/Hands-On-NO.1/providers/Microsoft.Network/networkInterfaces/vm01_nic",
            "timeouts": null
          },
          "sensitive_attributes": [],
          "private": "eyJlMmJmYjczMC1lY2FhLTExZTYtOGY4OC0zNDM2M2JjN2M0YzAiOnsiY3JlYXRlIjoxODAwMDAwMDAwMDAwLCJkZWxldGUiOjE4MDAwMDAwMDAwMDAsInJlYWQiOjMwMDAwMDAwMDAwMCwidXBkYXRlIjoxODAwMDAwMDAwMDAwfX0=",
          "dependencies": [
            "azurerm_lb.elb",
            "azurerm_lb_backend_address_pool.elb_backendpool",
            "azurerm_network_interface.vm01-nic",
            "azurerm_public_ip.elb_pip",
            "azurerm_subnet.subnet01",
            "azurerm_virtual_network.vnet01",
            "module.rg.azurerm_resource_group.rg"
          ]
        }
      ]
    },
    {
      "mode": "managed",
      "type": "azurerm_network_interface_backend_address_pool_association",
      "name": "vm02-back",
      "provider": "provider[\"registry.terraform.io/hashicorp/azurerm\"]",
      "instances": [
        {
          "schema_version": 0,
          "attributes": {
            "backend_address_pool_id": "/subscriptions/73f945ea-93d3-435b-8a04-fe92eb8645c7/resourceGroups/Hands-On-NO.1/providers/Microsoft.Network/loadBalancers/Hands-On-NO.1-elb/backendAddressPools/elb_backendpool",
            "id": "/subscriptions/73f945ea-93d3-435b-8a04-fe92eb8645c7/resourceGroups/Hands-On-NO.1/providers/Microsoft.Network/networkInterfaces/vm02_nic/ipConfigurations/internal|/subscriptions/73f945ea-93d3-435b-8a04-fe92eb8645c7/resourceGroups/Hands-On-NO.1/providers/Microsoft.Network/loadBalancers/Hands-On-NO.1-elb/backendAddressPools/elb_backendpool",
            "ip_configuration_name": "internal",
            "network_interface_id": "/subscriptions/73f945ea-93d3-435b-8a04-fe92eb8645c7/resourceGroups/Hands-On-NO.1/providers/Microsoft.Network/networkInterfaces/vm02_nic",
            "timeouts": null
          },
          "sensitive_attributes": [],
          "private": "eyJlMmJmYjczMC1lY2FhLTExZTYtOGY4OC0zNDM2M2JjN2M0YzAiOnsiY3JlYXRlIjoxODAwMDAwMDAwMDAwLCJkZWxldGUiOjE4MDAwMDAwMDAwMDAsInJlYWQiOjMwMDAwMDAwMDAwMCwidXBkYXRlIjoxODAwMDAwMDAwMDAwfX0=",
          "dependencies": [
            "azurerm_lb.elb",
            "azurerm_lb_backend_address_pool.elb_backendpool",
            "azurerm_network_interface.vm02-nic",
            "azurerm_public_ip.elb_pip",
            "azurerm_subnet.subnet01",
            "azurerm_virtual_network.vnet01",
            "module.rg.azurerm_resource_group.rg"
          ]
        }
      ]
    },
    {
      "mode": "managed",
      "type": "azurerm_network_interface_nat_rule_association",
      "name": "vm01_ssh",
      "provider": "provider[\"registry.terraform.io/hashicorp/azurerm\"]",
      "instances": [
        {
          "schema_version": 0,
          "attributes": {
            "id": "/subscriptions/73f945ea-93d3-435b-8a04-fe92eb8645c7/resourceGroups/Hands-On-NO.1/providers/Microsoft.Network/networkInterfaces/vm01_nic/ipConfigurations/internal|/subscriptions/73f945ea-93d3-435b-8a04-fe92eb8645c7/resourceGroups/Hands-On-NO.1/providers/Microsoft.Network/loadBalancers/Hands-On-NO.1-elb/inboundNatRules/VM01-SSH",
            "ip_configuration_name": "internal",
            "nat_rule_id": "/subscriptions/73f945ea-93d3-435b-8a04-fe92eb8645c7/resourceGroups/Hands-On-NO.1/providers/Microsoft.Network/loadBalancers/Hands-On-NO.1-elb/inboundNatRules/VM01-SSH",
            "network_interface_id": "/subscriptions/73f945ea-93d3-435b-8a04-fe92eb8645c7/resourceGroups/Hands-On-NO.1/providers/Microsoft.Network/networkInterfaces/vm01_nic",
            "timeouts": null
          },
          "sensitive_attributes": [],
          "private": "eyJlMmJmYjczMC1lY2FhLTExZTYtOGY4OC0zNDM2M2JjN2M0YzAiOnsiY3JlYXRlIjoxODAwMDAwMDAwMDAwLCJkZWxldGUiOjE4MDAwMDAwMDAwMDAsInJlYWQiOjMwMDAwMDAwMDAwMCwidXBkYXRlIjoxODAwMDAwMDAwMDAwfX0=",
          "dependencies": [
            "azurerm_lb.elb",
            "azurerm_lb_nat_rule.elbrule01",
            "azurerm_network_interface.vm01-nic",
            "azurerm_public_ip.elb_pip",
            "azurerm_subnet.subnet01",
            "azurerm_virtual_network.vnet01",
            "module.rg.azurerm_resource_group.rg"
          ]
        }
      ]
    },
    {
      "mode": "managed",
      "type": "azurerm_network_interface_nat_rule_association",
      "name": "vm02_ssh",
      "provider": "provider[\"registry.terraform.io/hashicorp/azurerm\"]",
      "instances": [
        {
          "schema_version": 0,
          "attributes": {
            "id": "/subscriptions/73f945ea-93d3-435b-8a04-fe92eb8645c7/resourceGroups/Hands-On-NO.1/providers/Microsoft.Network/networkInterfaces/vm02_nic/ipConfigurations/internal|/subscriptions/73f945ea-93d3-435b-8a04-fe92eb8645c7/resourceGroups/Hands-On-NO.1/providers/Microsoft.Network/loadBalancers/Hands-On-NO.1-elb/inboundNatRules/VM02-SSH",
            "ip_configuration_name": "internal",
            "nat_rule_id": "/subscriptions/73f945ea-93d3-435b-8a04-fe92eb8645c7/resourceGroups/Hands-On-NO.1/providers/Microsoft.Network/loadBalancers/Hands-On-NO.1-elb/inboundNatRules/VM02-SSH",
            "network_interface_id": "/subscriptions/73f945ea-93d3-435b-8a04-fe92eb8645c7/resourceGroups/Hands-On-NO.1/providers/Microsoft.Network/networkInterfaces/vm02_nic",
            "timeouts": null
          },
          "sensitive_attributes": [],
          "private": "eyJlMmJmYjczMC1lY2FhLTExZTYtOGY4OC0zNDM2M2JjN2M0YzAiOnsiY3JlYXRlIjoxODAwMDAwMDAwMDAwLCJkZWxldGUiOjE4MDAwMDAwMDAwMDAsInJlYWQiOjMwMDAwMDAwMDAwMCwidXBkYXRlIjoxODAwMDAwMDAwMDAwfX0=",
          "dependencies": [
            "azurerm_lb.elb",
            "azurerm_lb_nat_rule.elbrule02",
            "azurerm_network_interface.vm02-nic",
            "azurerm_public_ip.elb_pip",
            "azurerm_subnet.subnet01",
            "azurerm_virtual_network.vnet01",
            "module.rg.azurerm_resource_group.rg"
          ]
        }
      ]
    },
    {
      "mode": "managed",
      "type": "azurerm_network_security_group",
      "name": "nsg1",
      "provider": "provider[\"registry.terraform.io/hashicorp/azurerm\"]",
      "instances": [
        {
          "schema_version": 0,
          "attributes": {
            "id": "/subscriptions/73f945ea-93d3-435b-8a04-fe92eb8645c7/resourceGroups/Hands-On-NO.1/providers/Microsoft.Network/networkSecurityGroups/Hands-On-NO.1-nsg1",
            "location": "eastus",
            "name": "Hands-On-NO.1-nsg1",
            "resource_group_name": "Hands-On-NO.1",
            "security_rule": [
              {
                "access": "Allow",
                "description": "",
                "destination_address_prefix": "*",
                "destination_address_prefixes": [],
                "destination_application_security_group_ids": [],
                "destination_port_range": "22",
                "destination_port_ranges": [],
                "direction": "Inbound",
                "name": "Allow_SSH",
                "priority": 100,
                "protocol": "Tcp",
                "source_address_prefix": "*",
                "source_address_prefixes": [],
                "source_application_security_group_ids": [],
                "source_port_range": "*",
                "source_port_ranges": []
              },
              {
                "access": "Allow",
                "description": "",
                "destination_address_prefix": "*",
                "destination_address_prefixes": [],
                "destination_application_security_group_ids": [],
                "destination_port_range": "3389",
                "destination_port_ranges": [],
                "direction": "Inbound",
                "name": "Allow_RDP",
                "priority": 150,
                "protocol": "Tcp",
                "source_address_prefix": "*",
                "source_address_prefixes": [],
                "source_application_security_group_ids": [],
                "source_port_range": "*",
                "source_port_ranges": []
              },
              {
                "access": "Allow",
                "description": "",
                "destination_address_prefix": "*",
                "destination_address_prefixes": [],
                "destination_application_security_group_ids": [],
                "destination_port_range": "80",
                "destination_port_ranges": [],
                "direction": "Inbound",
                "name": "Allow_HTTP",
                "priority": 200,
                "protocol": "Tcp",
                "source_address_prefix": "*",
                "source_address_prefixes": [],
                "source_application_security_group_ids": [],
                "source_port_range": "*",
                "source_port_ranges": []
              }
            ],
            "tags": {},
            "timeouts": null
          },
          "sensitive_attributes": [],
          "private": "eyJlMmJmYjczMC1lY2FhLTExZTYtOGY4OC0zNDM2M2JjN2M0YzAiOnsiY3JlYXRlIjoxODAwMDAwMDAwMDAwLCJkZWxldGUiOjE4MDAwMDAwMDAwMDAsInJlYWQiOjMwMDAwMDAwMDAwMCwidXBkYXRlIjoxODAwMDAwMDAwMDAwfX0=",
          "dependencies": [
            "module.rg.azurerm_resource_group.rg"
          ]
        }
      ]
    },
    {
      "mode": "managed",
      "type": "azurerm_public_ip",
      "name": "elb_pip",
      "provider": "provider[\"registry.terraform.io/hashicorp/azurerm\"]",
      "instances": [
        {
          "schema_version": 0,
          "attributes": {
            "allocation_method": "Static",
            "domain_name_label": null,
            "fqdn": null,
            "id": "/subscriptions/73f945ea-93d3-435b-8a04-fe92eb8645c7/resourceGroups/Hands-On-NO.1/providers/Microsoft.Network/publicIPAddresses/elb_PIP",
            "idle_timeout_in_minutes": 4,
            "ip_address": "40.88.201.143",
            "ip_version": "IPv4",
            "location": "eastus",
            "name": "elb_PIP",
            "public_ip_prefix_id": null,
            "resource_group_name": "Hands-On-NO.1",
            "reverse_fqdn": null,
            "sku": "Standard",
            "tags": {},
            "timeouts": null,
            "zones": []
          },
          "sensitive_attributes": [],
          "private": "eyJlMmJmYjczMC1lY2FhLTExZTYtOGY4OC0zNDM2M2JjN2M0YzAiOnsiY3JlYXRlIjoxODAwMDAwMDAwMDAwLCJkZWxldGUiOjE4MDAwMDAwMDAwMDAsInJlYWQiOjMwMDAwMDAwMDAwMCwidXBkYXRlIjoxODAwMDAwMDAwMDAwfX0=",
          "dependencies": [
            "module.rg.azurerm_resource_group.rg"
          ]
        }
      ]
    },
    {
      "mode": "managed",
      "type": "azurerm_subnet",
      "name": "subnet01",
      "provider": "provider[\"registry.terraform.io/hashicorp/azurerm\"]",
      "instances": [
        {
          "schema_version": 0,
          "attributes": {
            "address_prefix": "10.1.0.0/16",
            "address_prefixes": [
              "10.1.0.0/16"
            ],
            "delegation": [],
            "enforce_private_link_endpoint_network_policies": false,
            "enforce_private_link_service_network_policies": false,
            "id": "/subscriptions/73f945ea-93d3-435b-8a04-fe92eb8645c7/resourceGroups/Hands-On-NO.1/providers/Microsoft.Network/virtualNetworks/vnet01/subnets/subnet01",
            "name": "subnet01",
            "resource_group_name": "Hands-On-NO.1",
            "service_endpoints": [],
            "timeouts": null,
            "virtual_network_name": "vnet01"
          },
          "sensitive_attributes": [],
          "private": "eyJlMmJmYjczMC1lY2FhLTExZTYtOGY4OC0zNDM2M2JjN2M0YzAiOnsiY3JlYXRlIjoxODAwMDAwMDAwMDAwLCJkZWxldGUiOjE4MDAwMDAwMDAwMDAsInJlYWQiOjMwMDAwMDAwMDAwMCwidXBkYXRlIjoxODAwMDAwMDAwMDAwfX0=",
          "dependencies": [
            "azurerm_virtual_network.vnet01",
            "module.rg.azurerm_resource_group.rg"
          ]
        }
      ]
    },
    {
      "mode": "managed",
      "type": "azurerm_subnet_network_security_group_association",
      "name": "nsg01-subnet01",
      "provider": "provider[\"registry.terraform.io/hashicorp/azurerm\"]",
      "instances": [
        {
          "schema_version": 0,
          "attributes": {
            "id": "/subscriptions/73f945ea-93d3-435b-8a04-fe92eb8645c7/resourceGroups/Hands-On-NO.1/providers/Microsoft.Network/virtualNetworks/vnet01/subnets/subnet01",
            "network_security_group_id": "/subscriptions/73f945ea-93d3-435b-8a04-fe92eb8645c7/resourceGroups/Hands-On-NO.1/providers/Microsoft.Network/networkSecurityGroups/Hands-On-NO.1-nsg1",
            "subnet_id": "/subscriptions/73f945ea-93d3-435b-8a04-fe92eb8645c7/resourceGroups/Hands-On-NO.1/providers/Microsoft.Network/virtualNetworks/vnet01/subnets/subnet01",
            "timeouts": null
          },
          "sensitive_attributes": [],
          "private": "eyJlMmJmYjczMC1lY2FhLTExZTYtOGY4OC0zNDM2M2JjN2M0YzAiOnsiY3JlYXRlIjoxODAwMDAwMDAwMDAwLCJkZWxldGUiOjE4MDAwMDAwMDAwMDAsInJlYWQiOjMwMDAwMDAwMDAwMCwidXBkYXRlIjoxODAwMDAwMDAwMDAwfX0=",
          "dependencies": [
            "azurerm_network_security_group.nsg1",
            "azurerm_subnet.subnet01",
            "azurerm_virtual_network.vnet01",
            "module.rg.azurerm_resource_group.rg"
          ]
        }
      ]
    },
    {
      "mode": "managed",
      "type": "azurerm_virtual_machine_extension",
      "name": "vm01",
      "provider": "provider[\"registry.terraform.io/hashicorp/azurerm\"]",
      "instances": [
        {
          "schema_version": 0,
          "attributes": {
            "auto_upgrade_minor_version": false,
            "id": "/subscriptions/73f945ea-93d3-435b-8a04-fe92eb8645c7/resourceGroups/Hands-On-NO.1/providers/Microsoft.Compute/virtualMachines/vm01/extensions/nginx",
            "name": "nginx",
            "protected_settings": null,
            "publisher": "Microsoft.Azure.Extensions",
            "settings": "{\"commandToExecute\":\"apt-get -y update \\u0026\\u0026 apt-get -y install nginx \\u0026\\u0026 hostname \\u003e /var/www/html/index.html\"}",
            "tags": {},
            "timeouts": null,
            "type": "CustomScript",
            "type_handler_version": "2.0",
            "virtual_machine_id": "/subscriptions/73f945ea-93d3-435b-8a04-fe92eb8645c7/resourceGroups/Hands-On-NO.1/providers/Microsoft.Compute/virtualMachines/vm01"
          },
          "sensitive_attributes": [],
          "private": "eyJlMmJmYjczMC1lY2FhLTExZTYtOGY4OC0zNDM2M2JjN2M0YzAiOnsiY3JlYXRlIjoxODAwMDAwMDAwMDAwLCJkZWxldGUiOjE4MDAwMDAwMDAwMDAsInJlYWQiOjMwMDAwMDAwMDAwMCwidXBkYXRlIjoxODAwMDAwMDAwMDAwfX0=",
          "dependencies": [
            "azurerm_availability_set.AVSet01",
            "azurerm_linux_virtual_machine.vm01",
            "azurerm_network_interface.vm01-nic",
            "azurerm_subnet.subnet01",
            "azurerm_virtual_network.vnet01",
            "module.rg.azurerm_resource_group.rg"
          ]
        }
      ]
    },
    {
      "mode": "managed",
      "type": "azurerm_virtual_machine_extension",
      "name": "vm02",
      "provider": "provider[\"registry.terraform.io/hashicorp/azurerm\"]",
      "instances": [
        {
          "schema_version": 0,
          "attributes": {
            "auto_upgrade_minor_version": false,
            "id": "/subscriptions/73f945ea-93d3-435b-8a04-fe92eb8645c7/resourceGroups/Hands-On-NO.1/providers/Microsoft.Compute/virtualMachines/vm02/extensions/nginx",
            "name": "nginx",
            "protected_settings": null,
            "publisher": "Microsoft.Azure.Extensions",
            "settings": "{\"commandToExecute\":\"apt-get -y update \\u0026\\u0026 apt-get -y install nginx \\u0026\\u0026 hostname \\u003e /var/www/html/index.html\"}",
            "tags": {},
            "timeouts": null,
            "type": "CustomScript",
            "type_handler_version": "2.0",
            "virtual_machine_id": "/subscriptions/73f945ea-93d3-435b-8a04-fe92eb8645c7/resourceGroups/Hands-On-NO.1/providers/Microsoft.Compute/virtualMachines/vm02"
          },
          "sensitive_attributes": [],
          "private": "eyJlMmJmYjczMC1lY2FhLTExZTYtOGY4OC0zNDM2M2JjN2M0YzAiOnsiY3JlYXRlIjoxODAwMDAwMDAwMDAwLCJkZWxldGUiOjE4MDAwMDAwMDAwMDAsInJlYWQiOjMwMDAwMDAwMDAwMCwidXBkYXRlIjoxODAwMDAwMDAwMDAwfX0=",
          "dependencies": [
            "azurerm_linux_virtual_machine.vm02",
            "module.rg.azurerm_resource_group.rg"
          ]
        }
      ]
    },
    {
      "mode": "managed",
      "type": "azurerm_virtual_network",
      "name": "vnet01",
      "provider": "provider[\"registry.terraform.io/hashicorp/azurerm\"]",
      "instances": [
        {
          "schema_version": 0,
          "attributes": {
            "address_space": [
              "10.0.0.0/8"
            ],
            "bgp_community": "",
            "ddos_protection_plan": [],
            "dns_servers": [],
            "guid": "ee508dc0-ea4e-49c8-b5ef-d0ad6b32c3d4",
            "id": "/subscriptions/73f945ea-93d3-435b-8a04-fe92eb8645c7/resourceGroups/Hands-On-NO.1/providers/Microsoft.Network/virtualNetworks/vnet01",
            "location": "eastus",
            "name": "vnet01",
            "resource_group_name": "Hands-On-NO.1",
            "subnet": [
              {
                "address_prefix": "10.1.0.0/16",
                "id": "/subscriptions/73f945ea-93d3-435b-8a04-fe92eb8645c7/resourceGroups/Hands-On-NO.1/providers/Microsoft.Network/virtualNetworks/vnet01/subnets/subnet01",
                "name": "subnet01",
                "security_group": "/subscriptions/73f945ea-93d3-435b-8a04-fe92eb8645c7/resourceGroups/Hands-On-NO.1/providers/Microsoft.Network/networkSecurityGroups/Hands-On-NO.1-nsg1"
              }
            ],
            "tags": {},
            "timeouts": null,
            "vm_protection_enabled": false
          },
          "sensitive_attributes": [],
          "private": "eyJlMmJmYjczMC1lY2FhLTExZTYtOGY4OC0zNDM2M2JjN2M0YzAiOnsiY3JlYXRlIjoxODAwMDAwMDAwMDAwLCJkZWxldGUiOjE4MDAwMDAwMDAwMDAsInJlYWQiOjMwMDAwMDAwMDAwMCwidXBkYXRlIjoxODAwMDAwMDAwMDAwfX0=",
          "dependencies": [
            "module.rg.azurerm_resource_group.rg"
          ]
        }
      ]
    },
    {
      "module": "module.rg",
      "mode": "managed",
      "type": "azurerm_resource_group",
      "name": "rg",
      "provider": "provider[\"registry.terraform.io/hashicorp/azurerm\"]",
      "instances": [
        {
          "schema_version": 0,
          "attributes": {
            "id": "/subscriptions/73f945ea-93d3-435b-8a04-fe92eb8645c7/resourceGroups/Hands-On-NO.1",
            "location": "eastus",
            "name": "Hands-On-NO.1",
            "tags": {},
            "timeouts": null
          },
          "sensitive_attributes": [],
          "private": "eyJlMmJmYjczMC1lY2FhLTExZTYtOGY4OC0zNDM2M2JjN2M0YzAiOnsiY3JlYXRlIjo1NDAwMDAwMDAwMDAwLCJkZWxldGUiOjU0MDAwMDAwMDAwMDAsInJlYWQiOjMwMDAwMDAwMDAwMCwidXBkYXRlIjo1NDAwMDAwMDAwMDAwfX0="
        }
      ]
    }
  ]
}
