{
  "version": 4,
  "terraform_version": "0.14.2",
  "serial": 56,
  "lineage": "eb01f87f-bdcd-1cdf-9ad7-fe1330cbe88c",
  "outputs": {
    "avset_id": {
      "value": {
        "NO.4-AVset01": "/subscriptions/73f945ea-93d3-435b-8a04-fe92eb8645c7/resourceGroups/Hands-On-NO.4/providers/Microsoft.Compute/availabilitySets/NO.4-AVset01"
      },
      "type": [
        "object",
        {
          "NO.4-AVset01": "string"
        }
      ]
    },
    "data_disk_attach_info": {
      "value": [
        [
          "/subscriptions/73f945ea-93d3-435b-8a04-fe92eb8645c7/resourceGroups/Hands-On-NO.4/providers/Microsoft.Compute/virtualMachines/vm-test-01",
          "/subscriptions/73f945ea-93d3-435b-8a04-fe92eb8645c7/resourceGroups/Hands-On-NO.4/providers/Microsoft.Compute/disks/vm-test-01-disk-data-1"
        ],
        [
          "/subscriptions/73f945ea-93d3-435b-8a04-fe92eb8645c7/resourceGroups/Hands-On-NO.4/providers/Microsoft.Compute/virtualMachines/vm-test-02",
          "/subscriptions/73f945ea-93d3-435b-8a04-fe92eb8645c7/resourceGroups/Hands-On-NO.4/providers/Microsoft.Compute/disks/vm-test-02-disk-data-1"
        ]
      ],
      "type": [
        "tuple",
        [
          [
            "tuple",
            [
              "string",
              "string"
            ]
          ],
          [
            "tuple",
            [
              "string",
              "string"
            ]
          ]
        ]
      ]
    },
    "data_disk_create_id": {
      "value": {
        "vm-test-01-disk-data-1": "/subscriptions/73f945ea-93d3-435b-8a04-fe92eb8645c7/resourceGroups/Hands-On-NO.4/providers/Microsoft.Compute/disks/vm-test-01-disk-data-1",
        "vm-test-02-disk-data-1": "/subscriptions/73f945ea-93d3-435b-8a04-fe92eb8645c7/resourceGroups/Hands-On-NO.4/providers/Microsoft.Compute/disks/vm-test-02-disk-data-1"
      },
      "type": [
        "object",
        {
          "vm-test-01-disk-data-1": "string",
          "vm-test-02-disk-data-1": "string"
        }
      ]
    },
    "data_disk_id": {
      "value": {
        "vm-test-01-disk-data-0": "/subscriptions/73f945ea-93d3-435b-8a04-fe92eb8645c7/resourceGroups/Hands-On-NO.4/providers/Microsoft.Compute/disks/vm-test-01-disk-data-0",
        "vm-test-02-disk-data-0": "/subscriptions/73f945ea-93d3-435b-8a04-fe92eb8645c7/resourceGroups/Hands-On-NO.4/providers/Microsoft.Compute/disks/vm-test-02-disk-data-0"
      },
      "type": [
        "object",
        {
          "vm-test-01-disk-data-0": "string",
          "vm-test-02-disk-data-0": "string"
        }
      ]
    },
    "lb_ext_backendpool_id": {
      "value": {
        "NO.4-LB-EXT": "/subscriptions/73f945ea-93d3-435b-8a04-fe92eb8645c7/resourceGroups/Hands-On-NO.4/providers/Microsoft.Network/loadBalancers/NO.4-LB-EXT/backendAddressPools/NO.4-LB-EXT-backendpool"
      },
      "type": [
        "object",
        {
          "NO.4-LB-EXT": "string"
        }
      ]
    },
    "lb_ext_id": {
      "value": {
        "NO.4-LB-EXT": "/subscriptions/73f945ea-93d3-435b-8a04-fe92eb8645c7/resourceGroups/Hands-On-NO.4/providers/Microsoft.Network/loadBalancers/NO.4-LB-EXT"
      },
      "type": [
        "object",
        {
          "NO.4-LB-EXT": "string"
        }
      ]
    },
    "nic_id": {
      "value": {
        "vm-test-01-nic-ext": "/subscriptions/73f945ea-93d3-435b-8a04-fe92eb8645c7/resourceGroups/Hands-On-NO.4/providers/Microsoft.Network/networkInterfaces/vm-test-01-nic-ext",
        "vm-test-02-nic-ext": "/subscriptions/73f945ea-93d3-435b-8a04-fe92eb8645c7/resourceGroups/Hands-On-NO.4/providers/Microsoft.Network/networkInterfaces/vm-test-02-nic-ext"
      },
      "type": [
        "object",
        {
          "vm-test-01-nic-ext": "string",
          "vm-test-02-nic-ext": "string"
        }
      ]
    },
    "nsg_id": {
      "value": {
        "NO.4-NSG01": "/subscriptions/73f945ea-93d3-435b-8a04-fe92eb8645c7/resourceGroups/Hands-On-NO.4/providers/Microsoft.Network/networkSecurityGroups/NO.4-NSG01",
        "NO.4-NSG02": "/subscriptions/73f945ea-93d3-435b-8a04-fe92eb8645c7/resourceGroups/Hands-On-NO.4/providers/Microsoft.Network/networkSecurityGroups/NO.4-NSG02"
      },
      "type": [
        "object",
        {
          "NO.4-NSG01": "string",
          "NO.4-NSG02": "string"
        }
      ]
    },
    "nsg_subnet_set_info": {
      "value": [
        [
          "/subscriptions/73f945ea-93d3-435b-8a04-fe92eb8645c7/resourceGroups/Hands-On-NO.4/providers/Microsoft.Network/virtualNetworks/NO.4-VNet01/subnets/NO.4-Subnet01",
          "/subscriptions/73f945ea-93d3-435b-8a04-fe92eb8645c7/resourceGroups/Hands-On-NO.4/providers/Microsoft.Network/networkSecurityGroups/NO.4-NSG01"
        ]
      ],
      "type": [
        "tuple",
        [
          [
            "tuple",
            [
              "string",
              "string"
            ]
          ]
        ]
      ]
    },
    "resource_group_id": {
      "value": "/subscriptions/73f945ea-93d3-435b-8a04-fe92eb8645c7/resourceGroups/Hands-On-NO.4",
      "type": "string"
    },
    "resource_group_location": {
      "value": "eastus",
      "type": "string"
    },
    "resource_group_name": {
      "value": "Hands-On-NO.4",
      "type": "string"
    },
    "storage_id": {
      "value": {
        "no4storagehh": "/subscriptions/73f945ea-93d3-435b-8a04-fe92eb8645c7/resourceGroups/Hands-On-NO.4/providers/Microsoft.Storage/storageAccounts/no4storagehh"
      },
      "type": [
        "object",
        {
          "no4storagehh": "string"
        }
      ]
    },
    "storage_name": {
      "value": "no4storagehh",
      "type": "string"
    },
    "subnet_id": {
      "value": {
        "NO.4-Subnet01": "/subscriptions/73f945ea-93d3-435b-8a04-fe92eb8645c7/resourceGroups/Hands-On-NO.4/providers/Microsoft.Network/virtualNetworks/NO.4-VNet01/subnets/NO.4-Subnet01"
      },
      "type": [
        "object",
        {
          "NO.4-Subnet01": "string"
        }
      ]
    },
    "vnet_name": {
      "value": "NO.4-VNet01",
      "type": "string"
    }
  },
  "resources": [
    {
      "module": "module.avset",
      "mode": "managed",
      "type": "azurerm_availability_set",
      "name": "tfmodule",
      "provider": "provider[\"registry.terraform.io/hashicorp/azurerm\"]",
      "instances": [
        {
          "index_key": 0,
          "schema_version": 0,
          "attributes": {
            "id": "/subscriptions/73f945ea-93d3-435b-8a04-fe92eb8645c7/resourceGroups/Hands-On-NO.4/providers/Microsoft.Compute/availabilitySets/NO.4-AVset01",
            "location": "eastus",
            "managed": true,
            "name": "NO.4-AVset01",
            "platform_fault_domain_count": 2,
            "platform_update_domain_count": 5,
            "proximity_placement_group_id": null,
            "resource_group_name": "Hands-On-NO.4",
            "tags": {},
            "timeouts": null
          },
          "sensitive_attributes": [],
          "private": "eyJlMmJmYjczMC1lY2FhLTExZTYtOGY4OC0zNDM2M2JjN2M0YzAiOnsiY3JlYXRlIjoxODAwMDAwMDAwMDAwLCJkZWxldGUiOjE4MDAwMDAwMDAwMDAsInJlYWQiOjMwMDAwMDAwMDAwMCwidXBkYXRlIjoxODAwMDAwMDAwMDAwfX0=",
          "dependencies": [
            "module.resource_group.azurerm_resource_group.tfmodule"
          ]
        }
      ]
    },
    {
      "module": "module.data_disk",
      "mode": "managed",
      "type": "azurerm_managed_disk",
      "name": "tfmodule",
      "provider": "provider[\"registry.terraform.io/hashicorp/azurerm\"]",
      "instances": [
        {
          "index_key": 0,
          "schema_version": 0,
          "attributes": {
            "create_option": "Empty",
            "disk_encryption_set_id": "",
            "disk_iops_read_write": 500,
            "disk_mbps_read_write": 60,
            "disk_size_gb": 32,
            "encryption_settings": [],
            "id": "/subscriptions/73f945ea-93d3-435b-8a04-fe92eb8645c7/resourceGroups/Hands-On-NO.4/providers/Microsoft.Compute/disks/vm-test-01-disk-data-0",
            "image_reference_id": "",
            "location": "eastus",
            "name": "vm-test-01-disk-data-0",
            "os_type": "",
            "resource_group_name": "Hands-On-NO.4",
            "source_resource_id": "",
            "source_uri": "",
            "storage_account_id": "",
            "storage_account_type": "Standard_LRS",
            "tags": {},
            "timeouts": null,
            "zones": []
          },
          "sensitive_attributes": [],
          "private": "eyJlMmJmYjczMC1lY2FhLTExZTYtOGY4OC0zNDM2M2JjN2M0YzAiOnsiY3JlYXRlIjoxODAwMDAwMDAwMDAwLCJkZWxldGUiOjE4MDAwMDAwMDAwMDAsInJlYWQiOjMwMDAwMDAwMDAwMCwidXBkYXRlIjoxODAwMDAwMDAwMDAwfX0=",
          "dependencies": [
            "module.resource_group.azurerm_resource_group.tfmodule",
            "module.storage.azurerm_storage_account.tfmodule"
          ]
        },
        {
          "index_key": 1,
          "schema_version": 0,
          "attributes": {
            "create_option": "Empty",
            "disk_encryption_set_id": "",
            "disk_iops_read_write": 500,
            "disk_mbps_read_write": 60,
            "disk_size_gb": 32,
            "encryption_settings": [],
            "id": "/subscriptions/73f945ea-93d3-435b-8a04-fe92eb8645c7/resourceGroups/Hands-On-NO.4/providers/Microsoft.Compute/disks/vm-test-02-disk-data-0",
            "image_reference_id": "",
            "location": "eastus",
            "name": "vm-test-02-disk-data-0",
            "os_type": "",
            "resource_group_name": "Hands-On-NO.4",
            "source_resource_id": "",
            "source_uri": "",
            "storage_account_id": "",
            "storage_account_type": "Standard_LRS",
            "tags": {},
            "timeouts": null,
            "zones": []
          },
          "sensitive_attributes": [],
          "private": "eyJlMmJmYjczMC1lY2FhLTExZTYtOGY4OC0zNDM2M2JjN2M0YzAiOnsiY3JlYXRlIjoxODAwMDAwMDAwMDAwLCJkZWxldGUiOjE4MDAwMDAwMDAwMDAsInJlYWQiOjMwMDAwMDAwMDAwMCwidXBkYXRlIjoxODAwMDAwMDAwMDAwfX0=",
          "dependencies": [
            "module.resource_group.azurerm_resource_group.tfmodule",
            "module.storage.azurerm_storage_account.tfmodule"
          ]
        }
      ]
    },
    {
      "module": "module.data_disk",
      "mode": "managed",
      "type": "azurerm_virtual_machine_data_disk_attachment",
      "name": "tfmodule",
      "provider": "provider[\"registry.terraform.io/hashicorp/azurerm\"]",
      "instances": [
        {
          "index_key": 0,
          "schema_version": 0,
          "attributes": {
            "caching": "ReadWrite",
            "create_option": "Attach",
            "id": "/subscriptions/73f945ea-93d3-435b-8a04-fe92eb8645c7/resourceGroups/Hands-On-NO.4/providers/Microsoft.Compute/virtualMachines/vm-test-01/dataDisks/vm-test-01-disk-data-0",
            "lun": 0,
            "managed_disk_id": "/subscriptions/73f945ea-93d3-435b-8a04-fe92eb8645c7/resourceGroups/Hands-On-NO.4/providers/Microsoft.Compute/disks/vm-test-01-disk-data-0",
            "timeouts": null,
            "virtual_machine_id": "/subscriptions/73f945ea-93d3-435b-8a04-fe92eb8645c7/resourceGroups/Hands-On-NO.4/providers/Microsoft.Compute/virtualMachines/vm-test-01",
            "write_accelerator_enabled": false
          },
          "sensitive_attributes": [],
          "private": "eyJlMmJmYjczMC1lY2FhLTExZTYtOGY4OC0zNDM2M2JjN2M0YzAiOnsiY3JlYXRlIjoxODAwMDAwMDAwMDAwLCJkZWxldGUiOjE4MDAwMDAwMDAwMDAsInJlYWQiOjMwMDAwMDAwMDAwMCwidXBkYXRlIjoxODAwMDAwMDAwMDAwfX0=",
          "dependencies": [
            "module.avset.azurerm_availability_set.tfmodule",
            "module.data_disk.azurerm_managed_disk.tfmodule",
            "module.nic.azurerm_network_interface.tfmodule",
            "module.resource_group.azurerm_resource_group.tfmodule",
            "module.storage.azurerm_storage_account.tfmodule",
            "module.vm.azurerm_virtual_machine.tfmodule",
            "module.vnet.azurerm_subnet.tfmodule",
            "module.vnet.azurerm_virtual_network.tfmodule"
          ]
        },
        {
          "index_key": 1,
          "schema_version": 0,
          "attributes": {
            "caching": "ReadWrite",
            "create_option": "Attach",
            "id": "/subscriptions/73f945ea-93d3-435b-8a04-fe92eb8645c7/resourceGroups/Hands-On-NO.4/providers/Microsoft.Compute/virtualMachines/vm-test-02/dataDisks/vm-test-02-disk-data-0",
            "lun": 0,
            "managed_disk_id": "/subscriptions/73f945ea-93d3-435b-8a04-fe92eb8645c7/resourceGroups/Hands-On-NO.4/providers/Microsoft.Compute/disks/vm-test-02-disk-data-0",
            "timeouts": null,
            "virtual_machine_id": "/subscriptions/73f945ea-93d3-435b-8a04-fe92eb8645c7/resourceGroups/Hands-On-NO.4/providers/Microsoft.Compute/virtualMachines/vm-test-02",
            "write_accelerator_enabled": false
          },
          "sensitive_attributes": [],
          "private": "eyJlMmJmYjczMC1lY2FhLTExZTYtOGY4OC0zNDM2M2JjN2M0YzAiOnsiY3JlYXRlIjoxODAwMDAwMDAwMDAwLCJkZWxldGUiOjE4MDAwMDAwMDAwMDAsInJlYWQiOjMwMDAwMDAwMDAwMCwidXBkYXRlIjoxODAwMDAwMDAwMDAwfX0=",
          "dependencies": [
            "module.avset.azurerm_availability_set.tfmodule",
            "module.data_disk.azurerm_managed_disk.tfmodule",
            "module.nic.azurerm_network_interface.tfmodule",
            "module.resource_group.azurerm_resource_group.tfmodule",
            "module.storage.azurerm_storage_account.tfmodule",
            "module.vm.azurerm_virtual_machine.tfmodule",
            "module.vnet.azurerm_subnet.tfmodule",
            "module.vnet.azurerm_virtual_network.tfmodule"
          ]
        }
      ]
    },
    {
      "module": "module.data_disk_attach",
      "mode": "managed",
      "type": "azurerm_virtual_machine_data_disk_attachment",
      "name": "tfmodule",
      "provider": "provider[\"registry.terraform.io/hashicorp/azurerm\"]",
      "instances": [
        {
          "index_key": 0,
          "schema_version": 0,
          "attributes": {
            "caching": "ReadWrite",
            "create_option": "Attach",
            "id": "/subscriptions/73f945ea-93d3-435b-8a04-fe92eb8645c7/resourceGroups/Hands-On-NO.4/providers/Microsoft.Compute/virtualMachines/vm-test-01/dataDisks/vm-test-01-disk-data-1",
            "lun": 1,
            "managed_disk_id": "/subscriptions/73f945ea-93d3-435b-8a04-fe92eb8645c7/resourceGroups/Hands-On-NO.4/providers/Microsoft.Compute/disks/vm-test-01-disk-data-1",
            "timeouts": null,
            "virtual_machine_id": "/subscriptions/73f945ea-93d3-435b-8a04-fe92eb8645c7/resourceGroups/Hands-On-NO.4/providers/Microsoft.Compute/virtualMachines/vm-test-01",
            "write_accelerator_enabled": false
          },
          "sensitive_attributes": [],
          "private": "eyJlMmJmYjczMC1lY2FhLTExZTYtOGY4OC0zNDM2M2JjN2M0YzAiOnsiY3JlYXRlIjoxODAwMDAwMDAwMDAwLCJkZWxldGUiOjE4MDAwMDAwMDAwMDAsInJlYWQiOjMwMDAwMDAwMDAwMCwidXBkYXRlIjoxODAwMDAwMDAwMDAwfX0=",
          "dependencies": [
            "module.avset.azurerm_availability_set.tfmodule",
            "module.data_disk_create.azurerm_managed_disk.tfmodule",
            "module.nic.azurerm_network_interface.tfmodule",
            "module.resource_group.azurerm_resource_group.tfmodule",
            "module.storage.azurerm_storage_account.tfmodule",
            "module.vm.azurerm_virtual_machine.tfmodule",
            "module.vnet.azurerm_subnet.tfmodule",
            "module.vnet.azurerm_virtual_network.tfmodule"
          ]
        },
        {
          "index_key": 1,
          "schema_version": 0,
          "attributes": {
            "caching": "ReadWrite",
            "create_option": "Attach",
            "id": "/subscriptions/73f945ea-93d3-435b-8a04-fe92eb8645c7/resourceGroups/Hands-On-NO.4/providers/Microsoft.Compute/virtualMachines/vm-test-02/dataDisks/vm-test-02-disk-data-1",
            "lun": 1,
            "managed_disk_id": "/subscriptions/73f945ea-93d3-435b-8a04-fe92eb8645c7/resourceGroups/Hands-On-NO.4/providers/Microsoft.Compute/disks/vm-test-02-disk-data-1",
            "timeouts": null,
            "virtual_machine_id": "/subscriptions/73f945ea-93d3-435b-8a04-fe92eb8645c7/resourceGroups/Hands-On-NO.4/providers/Microsoft.Compute/virtualMachines/vm-test-02",
            "write_accelerator_enabled": false
          },
          "sensitive_attributes": [],
          "private": "eyJlMmJmYjczMC1lY2FhLTExZTYtOGY4OC0zNDM2M2JjN2M0YzAiOnsiY3JlYXRlIjoxODAwMDAwMDAwMDAwLCJkZWxldGUiOjE4MDAwMDAwMDAwMDAsInJlYWQiOjMwMDAwMDAwMDAwMCwidXBkYXRlIjoxODAwMDAwMDAwMDAwfX0=",
          "dependencies": [
            "module.avset.azurerm_availability_set.tfmodule",
            "module.data_disk_create.azurerm_managed_disk.tfmodule",
            "module.nic.azurerm_network_interface.tfmodule",
            "module.resource_group.azurerm_resource_group.tfmodule",
            "module.storage.azurerm_storage_account.tfmodule",
            "module.vm.azurerm_virtual_machine.tfmodule",
            "module.vnet.azurerm_subnet.tfmodule",
            "module.vnet.azurerm_virtual_network.tfmodule"
          ]
        }
      ]
    },
    {
      "module": "module.data_disk_create",
      "mode": "managed",
      "type": "azurerm_managed_disk",
      "name": "tfmodule",
      "provider": "provider[\"registry.terraform.io/hashicorp/azurerm\"]",
      "instances": [
        {
          "index_key": 0,
          "schema_version": 0,
          "attributes": {
            "create_option": "Empty",
            "disk_encryption_set_id": "",
            "disk_iops_read_write": 500,
            "disk_mbps_read_write": 60,
            "disk_size_gb": 32,
            "encryption_settings": [],
            "id": "/subscriptions/73f945ea-93d3-435b-8a04-fe92eb8645c7/resourceGroups/Hands-On-NO.4/providers/Microsoft.Compute/disks/vm-test-01-disk-data-1",
            "image_reference_id": "",
            "location": "eastus",
            "name": "vm-test-01-disk-data-1",
            "os_type": "",
            "resource_group_name": "Hands-On-NO.4",
            "source_resource_id": "",
            "source_uri": "",
            "storage_account_id": "",
            "storage_account_type": "Standard_LRS",
            "tags": {},
            "timeouts": null,
            "zones": []
          },
          "sensitive_attributes": [],
          "private": "eyJlMmJmYjczMC1lY2FhLTExZTYtOGY4OC0zNDM2M2JjN2M0YzAiOnsiY3JlYXRlIjoxODAwMDAwMDAwMDAwLCJkZWxldGUiOjE4MDAwMDAwMDAwMDAsInJlYWQiOjMwMDAwMDAwMDAwMCwidXBkYXRlIjoxODAwMDAwMDAwMDAwfX0=",
          "dependencies": [
            "module.resource_group.azurerm_resource_group.tfmodule",
            "module.storage.azurerm_storage_account.tfmodule"
          ]
        },
        {
          "index_key": 1,
          "schema_version": 0,
          "attributes": {
            "create_option": "Empty",
            "disk_encryption_set_id": "",
            "disk_iops_read_write": 500,
            "disk_mbps_read_write": 60,
            "disk_size_gb": 32,
            "encryption_settings": [],
            "id": "/subscriptions/73f945ea-93d3-435b-8a04-fe92eb8645c7/resourceGroups/Hands-On-NO.4/providers/Microsoft.Compute/disks/vm-test-02-disk-data-1",
            "image_reference_id": "",
            "location": "eastus",
            "name": "vm-test-02-disk-data-1",
            "os_type": "",
            "resource_group_name": "Hands-On-NO.4",
            "source_resource_id": "",
            "source_uri": "",
            "storage_account_id": "",
            "storage_account_type": "Standard_LRS",
            "tags": {},
            "timeouts": null,
            "zones": []
          },
          "sensitive_attributes": [],
          "private": "eyJlMmJmYjczMC1lY2FhLTExZTYtOGY4OC0zNDM2M2JjN2M0YzAiOnsiY3JlYXRlIjoxODAwMDAwMDAwMDAwLCJkZWxldGUiOjE4MDAwMDAwMDAwMDAsInJlYWQiOjMwMDAwMDAwMDAwMCwidXBkYXRlIjoxODAwMDAwMDAwMDAwfX0=",
          "dependencies": [
            "module.resource_group.azurerm_resource_group.tfmodule",
            "module.storage.azurerm_storage_account.tfmodule"
          ]
        }
      ]
    },
    {
      "module": "module.lb",
      "mode": "managed",
      "type": "azurerm_lb",
      "name": "tfmodule",
      "provider": "provider[\"registry.terraform.io/hashicorp/azurerm\"]",
      "instances": [
        {
          "index_key": 0,
          "schema_version": 0,
          "attributes": {
            "frontend_ip_configuration": [
              {
                "id": "/subscriptions/73f945ea-93d3-435b-8a04-fe92eb8645c7/resourceGroups/Hands-On-NO.4/providers/Microsoft.Network/loadBalancers/NO.4-LB-EXT/frontendIPConfigurations/NO.4-LB-EXT-frontend",
                "inbound_nat_rules": [
                  "/subscriptions/73f945ea-93d3-435b-8a04-fe92eb8645c7/resourceGroups/Hands-On-NO.4/providers/Microsoft.Network/loadBalancers/NO.4-LB-EXT/inboundNatRules/SSH-VM01",
                  "/subscriptions/73f945ea-93d3-435b-8a04-fe92eb8645c7/resourceGroups/Hands-On-NO.4/providers/Microsoft.Network/loadBalancers/NO.4-LB-EXT/inboundNatRules/SSH-VM02"
                ],
                "load_balancer_rules": [
                  "/subscriptions/73f945ea-93d3-435b-8a04-fe92eb8645c7/resourceGroups/Hands-On-NO.4/providers/Microsoft.Network/loadBalancers/NO.4-LB-EXT/loadBalancingRules/rule-http-80"
                ],
                "name": "NO.4-LB-EXT-frontend",
                "outbound_rules": [],
                "private_ip_address": "",
                "private_ip_address_allocation": "Dynamic",
                "private_ip_address_version": "IPv4",
                "public_ip_address_id": "/subscriptions/73f945ea-93d3-435b-8a04-fe92eb8645c7/resourceGroups/Hands-On-NO.4/providers/Microsoft.Network/publicIPAddresses/NO.4-LB-EXT-pip",
                "public_ip_prefix_id": "",
                "subnet_id": "",
                "zones": []
              }
            ],
            "id": "/subscriptions/73f945ea-93d3-435b-8a04-fe92eb8645c7/resourceGroups/Hands-On-NO.4/providers/Microsoft.Network/loadBalancers/NO.4-LB-EXT",
            "location": "eastus",
            "name": "NO.4-LB-EXT",
            "private_ip_address": "",
            "private_ip_addresses": [],
            "resource_group_name": "Hands-On-NO.4",
            "sku": "Standard",
            "tags": {},
            "timeouts": null
          },
          "sensitive_attributes": [],
          "private": "eyJlMmJmYjczMC1lY2FhLTExZTYtOGY4OC0zNDM2M2JjN2M0YzAiOnsiY3JlYXRlIjoxODAwMDAwMDAwMDAwLCJkZWxldGUiOjE4MDAwMDAwMDAwMDAsInJlYWQiOjMwMDAwMDAwMDAwMCwidXBkYXRlIjoxODAwMDAwMDAwMDAwfX0=",
          "dependencies": [
            "module.lb.azurerm_public_ip.tfmodule",
            "module.resource_group.azurerm_resource_group.tfmodule"
          ]
        }
      ]
    },
    {
      "module": "module.lb",
      "mode": "managed",
      "type": "azurerm_lb_backend_address_pool",
      "name": "tfmodule",
      "provider": "provider[\"registry.terraform.io/hashicorp/azurerm\"]",
      "instances": [
        {
          "index_key": 0,
          "schema_version": 0,
          "attributes": {
            "backend_ip_configurations": [
              "/subscriptions/73f945ea-93d3-435b-8a04-fe92eb8645c7/resourceGroups/Hands-On-NO.4/providers/Microsoft.Network/networkInterfaces/vm-test-01-nic-ext/ipConfigurations/ipconfig1",
              "/subscriptions/73f945ea-93d3-435b-8a04-fe92eb8645c7/resourceGroups/Hands-On-NO.4/providers/Microsoft.Network/networkInterfaces/vm-test-02-nic-ext/ipConfigurations/ipconfig1"
            ],
            "id": "/subscriptions/73f945ea-93d3-435b-8a04-fe92eb8645c7/resourceGroups/Hands-On-NO.4/providers/Microsoft.Network/loadBalancers/NO.4-LB-EXT/backendAddressPools/NO.4-LB-EXT-backendpool",
            "load_balancing_rules": [
              "/subscriptions/73f945ea-93d3-435b-8a04-fe92eb8645c7/resourceGroups/Hands-On-NO.4/providers/Microsoft.Network/loadBalancers/NO.4-LB-EXT/loadBalancingRules/rule-http-80"
            ],
            "loadbalancer_id": "/subscriptions/73f945ea-93d3-435b-8a04-fe92eb8645c7/resourceGroups/Hands-On-NO.4/providers/Microsoft.Network/loadBalancers/NO.4-LB-EXT",
            "name": "NO.4-LB-EXT-backendpool",
            "resource_group_name": "Hands-On-NO.4",
            "timeouts": null
          },
          "sensitive_attributes": [],
          "private": "eyJlMmJmYjczMC1lY2FhLTExZTYtOGY4OC0zNDM2M2JjN2M0YzAiOnsiY3JlYXRlIjoxODAwMDAwMDAwMDAwLCJkZWxldGUiOjE4MDAwMDAwMDAwMDAsInJlYWQiOjMwMDAwMDAwMDAwMCwidXBkYXRlIjoxODAwMDAwMDAwMDAwfX0=",
          "dependencies": [
            "module.lb.azurerm_lb.tfmodule",
            "module.lb.azurerm_public_ip.tfmodule",
            "module.resource_group.azurerm_resource_group.tfmodule"
          ]
        }
      ]
    },
    {
      "module": "module.lb",
      "mode": "managed",
      "type": "azurerm_lb_nat_rule",
      "name": "tfmodule",
      "provider": "provider[\"registry.terraform.io/hashicorp/azurerm\"]",
      "instances": [
        {
          "index_key": 0,
          "schema_version": 0,
          "attributes": {
            "backend_ip_configuration_id": "/subscriptions/73f945ea-93d3-435b-8a04-fe92eb8645c7/resourceGroups/Hands-On-NO.4/providers/Microsoft.Network/networkInterfaces/vm-test-01-nic-ext/ipConfigurations/ipconfig1",
            "backend_port": 22,
            "enable_floating_ip": false,
            "enable_tcp_reset": false,
            "frontend_ip_configuration_id": "/subscriptions/73f945ea-93d3-435b-8a04-fe92eb8645c7/resourceGroups/Hands-On-NO.4/providers/Microsoft.Network/loadBalancers/NO.4-LB-EXT/frontendIPConfigurations/NO.4-LB-EXT-frontend",
            "frontend_ip_configuration_name": "NO.4-LB-EXT-frontend",
            "frontend_port": 30001,
            "id": "/subscriptions/73f945ea-93d3-435b-8a04-fe92eb8645c7/resourceGroups/Hands-On-NO.4/providers/Microsoft.Network/loadBalancers/NO.4-LB-EXT/inboundNatRules/SSH-VM01",
            "idle_timeout_in_minutes": 4,
            "loadbalancer_id": "/subscriptions/73f945ea-93d3-435b-8a04-fe92eb8645c7/resourceGroups/Hands-On-NO.4/providers/Microsoft.Network/loadBalancers/NO.4-LB-EXT",
            "name": "SSH-VM01",
            "protocol": "Tcp",
            "resource_group_name": "Hands-On-NO.4",
            "timeouts": null
          },
          "sensitive_attributes": [],
          "private": "eyJlMmJmYjczMC1lY2FhLTExZTYtOGY4OC0zNDM2M2JjN2M0YzAiOnsiY3JlYXRlIjoxODAwMDAwMDAwMDAwLCJkZWxldGUiOjE4MDAwMDAwMDAwMDAsInJlYWQiOjMwMDAwMDAwMDAwMCwidXBkYXRlIjoxODAwMDAwMDAwMDAwfX0=",
          "dependencies": [
            "module.lb.azurerm_lb.tfmodule",
            "module.lb.azurerm_public_ip.tfmodule",
            "module.resource_group.azurerm_resource_group.tfmodule"
          ]
        },
        {
          "index_key": 1,
          "schema_version": 0,
          "attributes": {
            "backend_ip_configuration_id": "/subscriptions/73f945ea-93d3-435b-8a04-fe92eb8645c7/resourceGroups/Hands-On-NO.4/providers/Microsoft.Network/networkInterfaces/vm-test-02-nic-ext/ipConfigurations/ipconfig1",
            "backend_port": 22,
            "enable_floating_ip": false,
            "enable_tcp_reset": false,
            "frontend_ip_configuration_id": "/subscriptions/73f945ea-93d3-435b-8a04-fe92eb8645c7/resourceGroups/Hands-On-NO.4/providers/Microsoft.Network/loadBalancers/NO.4-LB-EXT/frontendIPConfigurations/NO.4-LB-EXT-frontend",
            "frontend_ip_configuration_name": "NO.4-LB-EXT-frontend",
            "frontend_port": 30002,
            "id": "/subscriptions/73f945ea-93d3-435b-8a04-fe92eb8645c7/resourceGroups/Hands-On-NO.4/providers/Microsoft.Network/loadBalancers/NO.4-LB-EXT/inboundNatRules/SSH-VM02",
            "idle_timeout_in_minutes": 4,
            "loadbalancer_id": "/subscriptions/73f945ea-93d3-435b-8a04-fe92eb8645c7/resourceGroups/Hands-On-NO.4/providers/Microsoft.Network/loadBalancers/NO.4-LB-EXT",
            "name": "SSH-VM02",
            "protocol": "Tcp",
            "resource_group_name": "Hands-On-NO.4",
            "timeouts": null
          },
          "sensitive_attributes": [],
          "private": "eyJlMmJmYjczMC1lY2FhLTExZTYtOGY4OC0zNDM2M2JjN2M0YzAiOnsiY3JlYXRlIjoxODAwMDAwMDAwMDAwLCJkZWxldGUiOjE4MDAwMDAwMDAwMDAsInJlYWQiOjMwMDAwMDAwMDAwMCwidXBkYXRlIjoxODAwMDAwMDAwMDAwfX0=",
          "dependencies": [
            "module.lb.azurerm_lb.tfmodule",
            "module.lb.azurerm_public_ip.tfmodule",
            "module.resource_group.azurerm_resource_group.tfmodule"
          ]
        }
      ]
    },
    {
      "module": "module.lb",
      "mode": "managed",
      "type": "azurerm_lb_probe",
      "name": "tfmodule",
      "provider": "provider[\"registry.terraform.io/hashicorp/azurerm\"]",
      "instances": [
        {
          "index_key": 0,
          "schema_version": 0,
          "attributes": {
            "id": "/subscriptions/73f945ea-93d3-435b-8a04-fe92eb8645c7/resourceGroups/Hands-On-NO.4/providers/Microsoft.Network/loadBalancers/NO.4-LB-EXT/probes/probe-http-80",
            "interval_in_seconds": 5,
            "load_balancer_rules": [
              "/subscriptions/73f945ea-93d3-435b-8a04-fe92eb8645c7/resourceGroups/Hands-On-NO.4/providers/Microsoft.Network/loadBalancers/NO.4-LB-EXT/loadBalancingRules/rule-http-80"
            ],
            "loadbalancer_id": "/subscriptions/73f945ea-93d3-435b-8a04-fe92eb8645c7/resourceGroups/Hands-On-NO.4/providers/Microsoft.Network/loadBalancers/NO.4-LB-EXT",
            "name": "probe-http-80",
            "number_of_probes": 2,
            "port": 80,
            "protocol": "Http",
            "request_path": "/",
            "resource_group_name": "Hands-On-NO.4",
            "timeouts": null
          },
          "sensitive_attributes": [],
          "private": "eyJlMmJmYjczMC1lY2FhLTExZTYtOGY4OC0zNDM2M2JjN2M0YzAiOnsiY3JlYXRlIjoxODAwMDAwMDAwMDAwLCJkZWxldGUiOjE4MDAwMDAwMDAwMDAsInJlYWQiOjMwMDAwMDAwMDAwMCwidXBkYXRlIjoxODAwMDAwMDAwMDAwfX0=",
          "dependencies": [
            "module.lb.azurerm_lb.tfmodule",
            "module.lb.azurerm_public_ip.tfmodule",
            "module.resource_group.azurerm_resource_group.tfmodule"
          ]
        }
      ]
    },
    {
      "module": "module.lb",
      "mode": "managed",
      "type": "azurerm_lb_rule",
      "name": "tfmodule",
      "provider": "provider[\"registry.terraform.io/hashicorp/azurerm\"]",
      "instances": [
        {
          "index_key": 0,
          "schema_version": 0,
          "attributes": {
            "backend_address_pool_id": "/subscriptions/73f945ea-93d3-435b-8a04-fe92eb8645c7/resourceGroups/Hands-On-NO.4/providers/Microsoft.Network/loadBalancers/NO.4-LB-EXT/backendAddressPools/NO.4-LB-EXT-backendpool",
            "backend_port": 80,
            "disable_outbound_snat": false,
            "enable_floating_ip": false,
            "enable_tcp_reset": false,
            "frontend_ip_configuration_id": "/subscriptions/73f945ea-93d3-435b-8a04-fe92eb8645c7/resourceGroups/Hands-On-NO.4/providers/Microsoft.Network/loadBalancers/NO.4-LB-EXT/frontendIPConfigurations/NO.4-LB-EXT-frontend",
            "frontend_ip_configuration_name": "NO.4-LB-EXT-frontend",
            "frontend_port": 80,
            "id": "/subscriptions/73f945ea-93d3-435b-8a04-fe92eb8645c7/resourceGroups/Hands-On-NO.4/providers/Microsoft.Network/loadBalancers/NO.4-LB-EXT/loadBalancingRules/rule-http-80",
            "idle_timeout_in_minutes": 4,
            "load_distribution": "Default",
            "loadbalancer_id": "/subscriptions/73f945ea-93d3-435b-8a04-fe92eb8645c7/resourceGroups/Hands-On-NO.4/providers/Microsoft.Network/loadBalancers/NO.4-LB-EXT",
            "name": "rule-http-80",
            "probe_id": "/subscriptions/73f945ea-93d3-435b-8a04-fe92eb8645c7/resourceGroups/Hands-On-NO.4/providers/Microsoft.Network/loadBalancers/NO.4-LB-EXT/probes/probe-http-80",
            "protocol": "Tcp",
            "resource_group_name": "Hands-On-NO.4",
            "timeouts": null
          },
          "sensitive_attributes": [],
          "private": "eyJlMmJmYjczMC1lY2FhLTExZTYtOGY4OC0zNDM2M2JjN2M0YzAiOnsiY3JlYXRlIjoxODAwMDAwMDAwMDAwLCJkZWxldGUiOjE4MDAwMDAwMDAwMDAsInJlYWQiOjMwMDAwMDAwMDAwMCwidXBkYXRlIjoxODAwMDAwMDAwMDAwfX0=",
          "dependencies": [
            "module.lb.azurerm_lb.tfmodule",
            "module.lb.azurerm_lb_backend_address_pool.tfmodule",
            "module.lb.azurerm_lb_probe.tfmodule",
            "module.lb.azurerm_public_ip.tfmodule",
            "module.resource_group.azurerm_resource_group.tfmodule"
          ]
        }
      ]
    },
    {
      "module": "module.lb",
      "mode": "managed",
      "type": "azurerm_public_ip",
      "name": "tfmodule",
      "provider": "provider[\"registry.terraform.io/hashicorp/azurerm\"]",
      "instances": [
        {
          "index_key": 0,
          "schema_version": 0,
          "attributes": {
            "allocation_method": "Static",
            "domain_name_label": null,
            "fqdn": null,
            "id": "/subscriptions/73f945ea-93d3-435b-8a04-fe92eb8645c7/resourceGroups/Hands-On-NO.4/providers/Microsoft.Network/publicIPAddresses/NO.4-LB-EXT-pip",
            "idle_timeout_in_minutes": 4,
            "ip_address": "52.190.39.27",
            "ip_version": "IPv4",
            "location": "eastus",
            "name": "NO.4-LB-EXT-pip",
            "public_ip_prefix_id": null,
            "resource_group_name": "Hands-On-NO.4",
            "reverse_fqdn": null,
            "sku": "Standard",
            "tags": {},
            "timeouts": null,
            "zones": []
          },
          "sensitive_attributes": [],
          "private": "eyJlMmJmYjczMC1lY2FhLTExZTYtOGY4OC0zNDM2M2JjN2M0YzAiOnsiY3JlYXRlIjoxODAwMDAwMDAwMDAwLCJkZWxldGUiOjE4MDAwMDAwMDAwMDAsInJlYWQiOjMwMDAwMDAwMDAwMCwidXBkYXRlIjoxODAwMDAwMDAwMDAwfX0=",
          "dependencies": [
            "module.resource_group.azurerm_resource_group.tfmodule"
          ]
        }
      ]
    },
    {
      "module": "module.lb_nat_set",
      "mode": "managed",
      "type": "azurerm_network_interface_nat_rule_association",
      "name": "example",
      "provider": "provider[\"registry.terraform.io/hashicorp/azurerm\"]",
      "instances": [
        {
          "index_key": 0,
          "schema_version": 0,
          "attributes": {
            "id": "/subscriptions/73f945ea-93d3-435b-8a04-fe92eb8645c7/resourceGroups/Hands-On-NO.4/providers/Microsoft.Network/networkInterfaces/vm-test-01-nic-ext/ipConfigurations/ipconfig1|/subscriptions/73f945ea-93d3-435b-8a04-fe92eb8645c7/resourceGroups/Hands-On-NO.4/providers/Microsoft.Network/loadBalancers/NO.4-LB-EXT/inboundNatRules/SSH-VM01",
            "ip_configuration_name": "ipconfig1",
            "nat_rule_id": "/subscriptions/73f945ea-93d3-435b-8a04-fe92eb8645c7/resourceGroups/Hands-On-NO.4/providers/Microsoft.Network/loadBalancers/NO.4-LB-EXT/inboundNatRules/SSH-VM01",
            "network_interface_id": "/subscriptions/73f945ea-93d3-435b-8a04-fe92eb8645c7/resourceGroups/Hands-On-NO.4/providers/Microsoft.Network/networkInterfaces/vm-test-01-nic-ext",
            "timeouts": null
          },
          "sensitive_attributes": [],
          "private": "eyJlMmJmYjczMC1lY2FhLTExZTYtOGY4OC0zNDM2M2JjN2M0YzAiOnsiY3JlYXRlIjoxODAwMDAwMDAwMDAwLCJkZWxldGUiOjE4MDAwMDAwMDAwMDAsInJlYWQiOjMwMDAwMDAwMDAwMCwidXBkYXRlIjoxODAwMDAwMDAwMDAwfX0=",
          "dependencies": [
            "module.lb.azurerm_lb.tfmodule",
            "module.lb.azurerm_lb_nat_rule.tfmodule",
            "module.lb.azurerm_public_ip.tfmodule",
            "module.nic.azurerm_network_interface.tfmodule",
            "module.resource_group.azurerm_resource_group.tfmodule",
            "module.storage.azurerm_storage_account.tfmodule",
            "module.vnet.azurerm_subnet.tfmodule",
            "module.vnet.azurerm_virtual_network.tfmodule"
          ]
        },
        {
          "index_key": 1,
          "schema_version": 0,
          "attributes": {
            "id": "/subscriptions/73f945ea-93d3-435b-8a04-fe92eb8645c7/resourceGroups/Hands-On-NO.4/providers/Microsoft.Network/networkInterfaces/vm-test-02-nic-ext/ipConfigurations/ipconfig1|/subscriptions/73f945ea-93d3-435b-8a04-fe92eb8645c7/resourceGroups/Hands-On-NO.4/providers/Microsoft.Network/loadBalancers/NO.4-LB-EXT/inboundNatRules/SSH-VM02",
            "ip_configuration_name": "ipconfig1",
            "nat_rule_id": "/subscriptions/73f945ea-93d3-435b-8a04-fe92eb8645c7/resourceGroups/Hands-On-NO.4/providers/Microsoft.Network/loadBalancers/NO.4-LB-EXT/inboundNatRules/SSH-VM02",
            "network_interface_id": "/subscriptions/73f945ea-93d3-435b-8a04-fe92eb8645c7/resourceGroups/Hands-On-NO.4/providers/Microsoft.Network/networkInterfaces/vm-test-02-nic-ext",
            "timeouts": null
          },
          "sensitive_attributes": [],
          "private": "eyJlMmJmYjczMC1lY2FhLTExZTYtOGY4OC0zNDM2M2JjN2M0YzAiOnsiY3JlYXRlIjoxODAwMDAwMDAwMDAwLCJkZWxldGUiOjE4MDAwMDAwMDAwMDAsInJlYWQiOjMwMDAwMDAwMDAwMCwidXBkYXRlIjoxODAwMDAwMDAwMDAwfX0=",
          "dependencies": [
            "module.lb.azurerm_lb.tfmodule",
            "module.lb.azurerm_lb_nat_rule.tfmodule",
            "module.lb.azurerm_public_ip.tfmodule",
            "module.nic.azurerm_network_interface.tfmodule",
            "module.resource_group.azurerm_resource_group.tfmodule",
            "module.storage.azurerm_storage_account.tfmodule",
            "module.vnet.azurerm_subnet.tfmodule",
            "module.vnet.azurerm_virtual_network.tfmodule"
          ]
        }
      ]
    },
    {
      "module": "module.nic",
      "mode": "managed",
      "type": "azurerm_network_interface",
      "name": "tfmodule",
      "provider": "provider[\"registry.terraform.io/hashicorp/azurerm\"]",
      "instances": [
        {
          "index_key": 0,
          "schema_version": 0,
          "attributes": {
            "applied_dns_servers": [],
            "dns_servers": [],
            "enable_accelerated_networking": false,
            "enable_ip_forwarding": false,
            "id": "/subscriptions/73f945ea-93d3-435b-8a04-fe92eb8645c7/resourceGroups/Hands-On-NO.4/providers/Microsoft.Network/networkInterfaces/vm-test-01-nic-ext",
            "internal_dns_name_label": "",
            "internal_domain_name_suffix": "31nhjmuq1fwe1jbpolo4s35sef.bx.internal.cloudapp.net",
            "ip_configuration": [
              {
                "name": "ipconfig1",
                "primary": true,
                "private_ip_address": "10.1.0.11",
                "private_ip_address_allocation": "Static",
                "private_ip_address_version": "IPv4",
                "public_ip_address_id": "",
                "subnet_id": "/subscriptions/73f945ea-93d3-435b-8a04-fe92eb8645c7/resourceGroups/Hands-On-NO.4/providers/Microsoft.Network/virtualNetworks/NO.4-VNet01/subnets/NO.4-Subnet01"
              }
            ],
            "location": "eastus",
            "mac_address": "00-0D-3A-8B-47-E9",
            "name": "vm-test-01-nic-ext",
            "private_ip_address": "10.1.0.11",
            "private_ip_addresses": [
              "10.1.0.11"
            ],
            "resource_group_name": "Hands-On-NO.4",
            "tags": {},
            "timeouts": null,
            "virtual_machine_id": "/subscriptions/73f945ea-93d3-435b-8a04-fe92eb8645c7/resourceGroups/Hands-On-NO.4/providers/Microsoft.Compute/virtualMachines/vm-test-01"
          },
          "sensitive_attributes": [],
          "private": "eyJlMmJmYjczMC1lY2FhLTExZTYtOGY4OC0zNDM2M2JjN2M0YzAiOnsiY3JlYXRlIjoxODAwMDAwMDAwMDAwLCJkZWxldGUiOjE4MDAwMDAwMDAwMDAsInJlYWQiOjMwMDAwMDAwMDAwMCwidXBkYXRlIjoxODAwMDAwMDAwMDAwfX0=",
          "dependencies": [
            "module.resource_group.azurerm_resource_group.tfmodule",
            "module.storage.azurerm_storage_account.tfmodule",
            "module.vnet.azurerm_subnet.tfmodule",
            "module.vnet.azurerm_virtual_network.tfmodule"
          ]
        },
        {
          "index_key": 1,
          "schema_version": 0,
          "attributes": {
            "applied_dns_servers": [],
            "dns_servers": [],
            "enable_accelerated_networking": false,
            "enable_ip_forwarding": false,
            "id": "/subscriptions/73f945ea-93d3-435b-8a04-fe92eb8645c7/resourceGroups/Hands-On-NO.4/providers/Microsoft.Network/networkInterfaces/vm-test-02-nic-ext",
            "internal_dns_name_label": "",
            "internal_domain_name_suffix": "31nhjmuq1fwe1jbpolo4s35sef.bx.internal.cloudapp.net",
            "ip_configuration": [
              {
                "name": "ipconfig1",
                "primary": true,
                "private_ip_address": "10.1.0.12",
                "private_ip_address_allocation": "Static",
                "private_ip_address_version": "IPv4",
                "public_ip_address_id": "",
                "subnet_id": "/subscriptions/73f945ea-93d3-435b-8a04-fe92eb8645c7/resourceGroups/Hands-On-NO.4/providers/Microsoft.Network/virtualNetworks/NO.4-VNet01/subnets/NO.4-Subnet01"
              }
            ],
            "location": "eastus",
            "mac_address": "00-0D-3A-8B-49-66",
            "name": "vm-test-02-nic-ext",
            "private_ip_address": "10.1.0.12",
            "private_ip_addresses": [
              "10.1.0.12"
            ],
            "resource_group_name": "Hands-On-NO.4",
            "tags": {},
            "timeouts": null,
            "virtual_machine_id": "/subscriptions/73f945ea-93d3-435b-8a04-fe92eb8645c7/resourceGroups/Hands-On-NO.4/providers/Microsoft.Compute/virtualMachines/vm-test-02"
          },
          "sensitive_attributes": [],
          "private": "eyJlMmJmYjczMC1lY2FhLTExZTYtOGY4OC0zNDM2M2JjN2M0YzAiOnsiY3JlYXRlIjoxODAwMDAwMDAwMDAwLCJkZWxldGUiOjE4MDAwMDAwMDAwMDAsInJlYWQiOjMwMDAwMDAwMDAwMCwidXBkYXRlIjoxODAwMDAwMDAwMDAwfX0=",
          "dependencies": [
            "module.resource_group.azurerm_resource_group.tfmodule",
            "module.storage.azurerm_storage_account.tfmodule",
            "module.vnet.azurerm_subnet.tfmodule",
            "module.vnet.azurerm_virtual_network.tfmodule"
          ]
        }
      ]
    },
    {
      "module": "module.nic2",
      "mode": "managed",
      "type": "azurerm_network_interface",
      "name": "tfmodule",
      "provider": "provider[\"registry.terraform.io/hashicorp/azurerm\"]",
      "instances": [
        {
          "index_key": 0,
          "schema_version": 0,
          "attributes": {
            "applied_dns_servers": [],
            "dns_servers": [],
            "enable_accelerated_networking": false,
            "enable_ip_forwarding": false,
            "id": "/subscriptions/73f945ea-93d3-435b-8a04-fe92eb8645c7/resourceGroups/Hands-On-NO.4/providers/Microsoft.Network/networkInterfaces/vm-test-03-nic-int",
            "internal_dns_name_label": "",
            "internal_domain_name_suffix": "s0wqh1vydmcupag212axldbpmg.bx.internal.cloudapp.net",
            "ip_configuration": [
              {
                "name": "ipconfig1",
                "primary": true,
                "private_ip_address": "192.168.1.20",
                "private_ip_address_allocation": "Static",
                "private_ip_address_version": "IPv4",
                "public_ip_address_id": "",
                "subnet_id": "/subscriptions/73f945ea-93d3-435b-8a04-fe92eb8645c7/resourceGroups/Hands-On-NO.4/providers/Microsoft.Network/virtualNetworks/NO.4-VNet02/subnets/NO.4-Subnet02"
              }
            ],
            "location": "eastus",
            "mac_address": "00-0D-3A-8C-7E-BF",
            "name": "vm-test-03-nic-int",
            "private_ip_address": "192.168.1.20",
            "private_ip_addresses": [
              "192.168.1.20"
            ],
            "resource_group_name": "Hands-On-NO.4",
            "tags": {},
            "timeouts": null,
            "virtual_machine_id": "/subscriptions/73f945ea-93d3-435b-8a04-fe92eb8645c7/resourceGroups/Hands-On-NO.4/providers/Microsoft.Compute/virtualMachines/vm-test-03"
          },
          "sensitive_attributes": [],
          "private": "eyJlMmJmYjczMC1lY2FhLTExZTYtOGY4OC0zNDM2M2JjN2M0YzAiOnsiY3JlYXRlIjoxODAwMDAwMDAwMDAwLCJkZWxldGUiOjE4MDAwMDAwMDAwMDAsInJlYWQiOjMwMDAwMDAwMDAwMCwidXBkYXRlIjoxODAwMDAwMDAwMDAwfX0=",
          "dependencies": [
            "module.resource_group.azurerm_resource_group.tfmodule",
            "module.storage.azurerm_storage_account.tfmodule",
            "module.vnet2.azurerm_subnet.tfmodule",
            "module.vnet2.azurerm_virtual_network.tfmodule"
          ]
        }
      ]
    },
    {
      "module": "module.nic_ext_backendpool_set",
      "mode": "managed",
      "type": "azurerm_network_interface_backend_address_pool_association",
      "name": "tfmodule",
      "provider": "provider[\"registry.terraform.io/hashicorp/azurerm\"]",
      "instances": [
        {
          "index_key": 0,
          "schema_version": 0,
          "attributes": {
            "backend_address_pool_id": "/subscriptions/73f945ea-93d3-435b-8a04-fe92eb8645c7/resourceGroups/Hands-On-NO.4/providers/Microsoft.Network/loadBalancers/NO.4-LB-EXT/backendAddressPools/NO.4-LB-EXT-backendpool",
            "id": "/subscriptions/73f945ea-93d3-435b-8a04-fe92eb8645c7/resourceGroups/Hands-On-NO.4/providers/Microsoft.Network/networkInterfaces/vm-test-01-nic-ext/ipConfigurations/ipconfig1|/subscriptions/73f945ea-93d3-435b-8a04-fe92eb8645c7/resourceGroups/Hands-On-NO.4/providers/Microsoft.Network/loadBalancers/NO.4-LB-EXT/backendAddressPools/NO.4-LB-EXT-backendpool",
            "ip_configuration_name": "ipconfig1",
            "network_interface_id": "/subscriptions/73f945ea-93d3-435b-8a04-fe92eb8645c7/resourceGroups/Hands-On-NO.4/providers/Microsoft.Network/networkInterfaces/vm-test-01-nic-ext",
            "timeouts": null
          },
          "sensitive_attributes": [],
          "private": "eyJlMmJmYjczMC1lY2FhLTExZTYtOGY4OC0zNDM2M2JjN2M0YzAiOnsiY3JlYXRlIjoxODAwMDAwMDAwMDAwLCJkZWxldGUiOjE4MDAwMDAwMDAwMDAsInJlYWQiOjMwMDAwMDAwMDAwMCwidXBkYXRlIjoxODAwMDAwMDAwMDAwfX0=",
          "dependencies": [
            "module.lb.azurerm_lb.tfmodule",
            "module.lb.azurerm_lb_backend_address_pool.tfmodule",
            "module.lb.azurerm_public_ip.tfmodule",
            "module.nic.azurerm_network_interface.tfmodule",
            "module.resource_group.azurerm_resource_group.tfmodule",
            "module.storage.azurerm_storage_account.tfmodule",
            "module.vnet.azurerm_subnet.tfmodule",
            "module.vnet.azurerm_virtual_network.tfmodule"
          ]
        },
        {
          "index_key": 1,
          "schema_version": 0,
          "attributes": {
            "backend_address_pool_id": "/subscriptions/73f945ea-93d3-435b-8a04-fe92eb8645c7/resourceGroups/Hands-On-NO.4/providers/Microsoft.Network/loadBalancers/NO.4-LB-EXT/backendAddressPools/NO.4-LB-EXT-backendpool",
            "id": "/subscriptions/73f945ea-93d3-435b-8a04-fe92eb8645c7/resourceGroups/Hands-On-NO.4/providers/Microsoft.Network/networkInterfaces/vm-test-02-nic-ext/ipConfigurations/ipconfig1|/subscriptions/73f945ea-93d3-435b-8a04-fe92eb8645c7/resourceGroups/Hands-On-NO.4/providers/Microsoft.Network/loadBalancers/NO.4-LB-EXT/backendAddressPools/NO.4-LB-EXT-backendpool",
            "ip_configuration_name": "ipconfig1",
            "network_interface_id": "/subscriptions/73f945ea-93d3-435b-8a04-fe92eb8645c7/resourceGroups/Hands-On-NO.4/providers/Microsoft.Network/networkInterfaces/vm-test-02-nic-ext",
            "timeouts": null
          },
          "sensitive_attributes": [],
          "private": "eyJlMmJmYjczMC1lY2FhLTExZTYtOGY4OC0zNDM2M2JjN2M0YzAiOnsiY3JlYXRlIjoxODAwMDAwMDAwMDAwLCJkZWxldGUiOjE4MDAwMDAwMDAwMDAsInJlYWQiOjMwMDAwMDAwMDAwMCwidXBkYXRlIjoxODAwMDAwMDAwMDAwfX0=",
          "dependencies": [
            "module.lb.azurerm_lb.tfmodule",
            "module.lb.azurerm_lb_backend_address_pool.tfmodule",
            "module.lb.azurerm_public_ip.tfmodule",
            "module.nic.azurerm_network_interface.tfmodule",
            "module.resource_group.azurerm_resource_group.tfmodule",
            "module.storage.azurerm_storage_account.tfmodule",
            "module.vnet.azurerm_subnet.tfmodule",
            "module.vnet.azurerm_virtual_network.tfmodule"
          ]
        }
      ]
    },
    {
      "module": "module.nsg",
      "mode": "managed",
      "type": "azurerm_network_security_group",
      "name": "tfmodule",
      "provider": "provider[\"registry.terraform.io/hashicorp/azurerm\"]",
      "instances": [
        {
          "index_key": 0,
          "schema_version": 0,
          "attributes": {
            "id": "/subscriptions/73f945ea-93d3-435b-8a04-fe92eb8645c7/resourceGroups/Hands-On-NO.4/providers/Microsoft.Network/networkSecurityGroups/NO.4-NSG01",
            "location": "eastus",
            "name": "NO.4-NSG01",
            "resource_group_name": "Hands-On-NO.4",
            "security_rule": [
              {
                "access": "Allow",
                "description": "",
                "destination_address_prefix": "*",
                "destination_address_prefixes": [],
                "destination_application_security_group_ids": [],
                "destination_port_range": "22",
                "destination_port_ranges": [],
                "direction": "Inbound",
                "name": "port-tcp-22",
                "priority": 100,
                "protocol": "tcp",
                "source_address_prefix": "*",
                "source_address_prefixes": [],
                "source_application_security_group_ids": [],
                "source_port_range": "*",
                "source_port_ranges": []
              },
              {
                "access": "Allow",
                "description": "",
                "destination_address_prefix": "*",
                "destination_address_prefixes": [],
                "destination_application_security_group_ids": [],
                "destination_port_range": "80",
                "destination_port_ranges": [],
                "direction": "Inbound",
                "name": "port-tcp-80",
                "priority": 110,
                "protocol": "tcp",
                "source_address_prefix": "*",
                "source_address_prefixes": [],
                "source_application_security_group_ids": [],
                "source_port_range": "*",
                "source_port_ranges": []
              }
            ],
            "tags": {},
            "timeouts": null
          },
          "sensitive_attributes": [],
          "private": "eyJlMmJmYjczMC1lY2FhLTExZTYtOGY4OC0zNDM2M2JjN2M0YzAiOnsiY3JlYXRlIjoxODAwMDAwMDAwMDAwLCJkZWxldGUiOjE4MDAwMDAwMDAwMDAsInJlYWQiOjMwMDAwMDAwMDAwMCwidXBkYXRlIjoxODAwMDAwMDAwMDAwfX0=",
          "dependencies": [
            "module.resource_group.azurerm_resource_group.tfmodule"
          ]
        },
        {
          "index_key": 1,
          "schema_version": 0,
          "attributes": {
            "id": "/subscriptions/73f945ea-93d3-435b-8a04-fe92eb8645c7/resourceGroups/Hands-On-NO.4/providers/Microsoft.Network/networkSecurityGroups/NO.4-NSG02",
            "location": "eastus",
            "name": "NO.4-NSG02",
            "resource_group_name": "Hands-On-NO.4",
            "security_rule": [
              {
                "access": "Allow",
                "description": "",
                "destination_address_prefix": "*",
                "destination_address_prefixes": [],
                "destination_application_security_group_ids": [],
                "destination_port_range": "22",
                "destination_port_ranges": [],
                "direction": "Inbound",
                "name": "port-tcp-22",
                "priority": 100,
                "protocol": "tcp",
                "source_address_prefix": "*",
                "source_address_prefixes": [],
                "source_application_security_group_ids": [],
                "source_port_range": "*",
                "source_port_ranges": []
              },
              {
                "access": "Allow",
                "description": "",
                "destination_address_prefix": "*",
                "destination_address_prefixes": [],
                "destination_application_security_group_ids": [],
                "destination_port_range": "80",
                "destination_port_ranges": [],
                "direction": "Inbound",
                "name": "port-tcp-80",
                "priority": 110,
                "protocol": "tcp",
                "source_address_prefix": "*",
                "source_address_prefixes": [],
                "source_application_security_group_ids": [],
                "source_port_range": "*",
                "source_port_ranges": []
              }
            ],
            "tags": {},
            "timeouts": null
          },
          "sensitive_attributes": [],
          "private": "eyJlMmJmYjczMC1lY2FhLTExZTYtOGY4OC0zNDM2M2JjN2M0YzAiOnsiY3JlYXRlIjoxODAwMDAwMDAwMDAwLCJkZWxldGUiOjE4MDAwMDAwMDAwMDAsInJlYWQiOjMwMDAwMDAwMDAwMCwidXBkYXRlIjoxODAwMDAwMDAwMDAwfX0=",
          "dependencies": [
            "module.resource_group.azurerm_resource_group.tfmodule"
          ]
        }
      ]
    },
    {
      "module": "module.nsg",
      "mode": "managed",
      "type": "azurerm_network_security_rule",
      "name": "tfmodule",
      "provider": "provider[\"registry.terraform.io/hashicorp/azurerm\"]",
      "instances": [
        {
          "index_key": 0,
          "schema_version": 0,
          "attributes": {
            "access": "Allow",
            "description": "",
            "destination_address_prefix": "*",
            "destination_address_prefixes": [],
            "destination_application_security_group_ids": [],
            "destination_port_range": "22",
            "destination_port_ranges": [],
            "direction": "Inbound",
            "id": "/subscriptions/73f945ea-93d3-435b-8a04-fe92eb8645c7/resourceGroups/Hands-On-NO.4/providers/Microsoft.Network/networkSecurityGroups/NO.4-NSG01/securityRules/port-tcp-22",
            "name": "port-tcp-22",
            "network_security_group_name": "NO.4-NSG01",
            "priority": 100,
            "protocol": "tcp",
            "resource_group_name": "Hands-On-NO.4",
            "source_address_prefix": "*",
            "source_address_prefixes": [],
            "source_application_security_group_ids": [],
            "source_port_range": "*",
            "source_port_ranges": [],
            "timeouts": null
          },
          "sensitive_attributes": [],
          "private": "eyJlMmJmYjczMC1lY2FhLTExZTYtOGY4OC0zNDM2M2JjN2M0YzAiOnsiY3JlYXRlIjoxODAwMDAwMDAwMDAwLCJkZWxldGUiOjE4MDAwMDAwMDAwMDAsInJlYWQiOjMwMDAwMDAwMDAwMCwidXBkYXRlIjoxODAwMDAwMDAwMDAwfX0=",
          "dependencies": [
            "module.nsg.azurerm_network_security_group.tfmodule",
            "module.resource_group.azurerm_resource_group.tfmodule"
          ]
        },
        {
          "index_key": 1,
          "schema_version": 0,
          "attributes": {
            "access": "Allow",
            "description": "",
            "destination_address_prefix": "*",
            "destination_address_prefixes": [],
            "destination_application_security_group_ids": [],
            "destination_port_range": "80",
            "destination_port_ranges": [],
            "direction": "Inbound",
            "id": "/subscriptions/73f945ea-93d3-435b-8a04-fe92eb8645c7/resourceGroups/Hands-On-NO.4/providers/Microsoft.Network/networkSecurityGroups/NO.4-NSG01/securityRules/port-tcp-80",
            "name": "port-tcp-80",
            "network_security_group_name": "NO.4-NSG01",
            "priority": 110,
            "protocol": "tcp",
            "resource_group_name": "Hands-On-NO.4",
            "source_address_prefix": "*",
            "source_address_prefixes": [],
            "source_application_security_group_ids": [],
            "source_port_range": "*",
            "source_port_ranges": [],
            "timeouts": null
          },
          "sensitive_attributes": [],
          "private": "eyJlMmJmYjczMC1lY2FhLTExZTYtOGY4OC0zNDM2M2JjN2M0YzAiOnsiY3JlYXRlIjoxODAwMDAwMDAwMDAwLCJkZWxldGUiOjE4MDAwMDAwMDAwMDAsInJlYWQiOjMwMDAwMDAwMDAwMCwidXBkYXRlIjoxODAwMDAwMDAwMDAwfX0=",
          "dependencies": [
            "module.nsg.azurerm_network_security_group.tfmodule",
            "module.resource_group.azurerm_resource_group.tfmodule"
          ]
        }
      ]
    },
    {
      "module": "module.nsg2",
      "mode": "managed",
      "type": "azurerm_network_security_group",
      "name": "tfmodule",
      "provider": "provider[\"registry.terraform.io/hashicorp/azurerm\"]",
      "instances": [
        {
          "index_key": 0,
          "schema_version": 0,
          "attributes": {
            "id": "/subscriptions/73f945ea-93d3-435b-8a04-fe92eb8645c7/resourceGroups/Hands-On-NO.4/providers/Microsoft.Network/networkSecurityGroups/NO.4-NSG02",
            "location": "eastus",
            "name": "NO.4-NSG02",
            "resource_group_name": "Hands-On-NO.4",
            "security_rule": [
              {
                "access": "Allow",
                "description": "",
                "destination_address_prefix": "*",
                "destination_address_prefixes": [],
                "destination_application_security_group_ids": [],
                "destination_port_range": "22",
                "destination_port_ranges": [],
                "direction": "Inbound",
                "name": "port-tcp-22",
                "priority": 100,
                "protocol": "tcp",
                "source_address_prefix": "*",
                "source_address_prefixes": [],
                "source_application_security_group_ids": [],
                "source_port_range": "*",
                "source_port_ranges": []
              },
              {
                "access": "Allow",
                "description": "",
                "destination_address_prefix": "*",
                "destination_address_prefixes": [],
                "destination_application_security_group_ids": [],
                "destination_port_range": "80",
                "destination_port_ranges": [],
                "direction": "Inbound",
                "name": "port-tcp-80",
                "priority": 110,
                "protocol": "tcp",
                "source_address_prefix": "*",
                "source_address_prefixes": [],
                "source_application_security_group_ids": [],
                "source_port_range": "*",
                "source_port_ranges": []
              }
            ],
            "tags": {},
            "timeouts": null
          },
          "sensitive_attributes": [],
          "private": "eyJlMmJmYjczMC1lY2FhLTExZTYtOGY4OC0zNDM2M2JjN2M0YzAiOnsiY3JlYXRlIjoxODAwMDAwMDAwMDAwLCJkZWxldGUiOjE4MDAwMDAwMDAwMDAsInJlYWQiOjMwMDAwMDAwMDAwMCwidXBkYXRlIjoxODAwMDAwMDAwMDAwfX0=",
          "dependencies": [
            "module.resource_group.azurerm_resource_group.tfmodule"
          ]
        }
      ]
    },
    {
      "module": "module.nsg2",
      "mode": "managed",
      "type": "azurerm_network_security_rule",
      "name": "tfmodule",
      "provider": "provider[\"registry.terraform.io/hashicorp/azurerm\"]",
      "instances": [
        {
          "index_key": 0,
          "schema_version": 0,
          "attributes": {
            "access": "Allow",
            "description": "",
            "destination_address_prefix": "*",
            "destination_address_prefixes": [],
            "destination_application_security_group_ids": [],
            "destination_port_range": "22",
            "destination_port_ranges": [],
            "direction": "Inbound",
            "id": "/subscriptions/73f945ea-93d3-435b-8a04-fe92eb8645c7/resourceGroups/Hands-On-NO.4/providers/Microsoft.Network/networkSecurityGroups/NO.4-NSG02/securityRules/port-tcp-22",
            "name": "port-tcp-22",
            "network_security_group_name": "NO.4-NSG02",
            "priority": 100,
            "protocol": "tcp",
            "resource_group_name": "Hands-On-NO.4",
            "source_address_prefix": "*",
            "source_address_prefixes": [],
            "source_application_security_group_ids": [],
            "source_port_range": "*",
            "source_port_ranges": [],
            "timeouts": null
          },
          "sensitive_attributes": [],
          "private": "eyJlMmJmYjczMC1lY2FhLTExZTYtOGY4OC0zNDM2M2JjN2M0YzAiOnsiY3JlYXRlIjoxODAwMDAwMDAwMDAwLCJkZWxldGUiOjE4MDAwMDAwMDAwMDAsInJlYWQiOjMwMDAwMDAwMDAwMCwidXBkYXRlIjoxODAwMDAwMDAwMDAwfX0=",
          "dependencies": [
            "module.nsg2.azurerm_network_security_group.tfmodule",
            "module.resource_group.azurerm_resource_group.tfmodule"
          ]
        },
        {
          "index_key": 1,
          "schema_version": 0,
          "attributes": {
            "access": "Allow",
            "description": "",
            "destination_address_prefix": "*",
            "destination_address_prefixes": [],
            "destination_application_security_group_ids": [],
            "destination_port_range": "80",
            "destination_port_ranges": [],
            "direction": "Inbound",
            "id": "/subscriptions/73f945ea-93d3-435b-8a04-fe92eb8645c7/resourceGroups/Hands-On-NO.4/providers/Microsoft.Network/networkSecurityGroups/NO.4-NSG02/securityRules/port-tcp-80",
            "name": "port-tcp-80",
            "network_security_group_name": "NO.4-NSG02",
            "priority": 110,
            "protocol": "tcp",
            "resource_group_name": "Hands-On-NO.4",
            "source_address_prefix": "*",
            "source_address_prefixes": [],
            "source_application_security_group_ids": [],
            "source_port_range": "*",
            "source_port_ranges": [],
            "timeouts": null
          },
          "sensitive_attributes": [],
          "private": "eyJlMmJmYjczMC1lY2FhLTExZTYtOGY4OC0zNDM2M2JjN2M0YzAiOnsiY3JlYXRlIjoxODAwMDAwMDAwMDAwLCJkZWxldGUiOjE4MDAwMDAwMDAwMDAsInJlYWQiOjMwMDAwMDAwMDAwMCwidXBkYXRlIjoxODAwMDAwMDAwMDAwfX0=",
          "dependencies": [
            "module.nsg2.azurerm_network_security_group.tfmodule",
            "module.resource_group.azurerm_resource_group.tfmodule"
          ]
        }
      ]
    },
    {
      "module": "module.nsg_subnet_set",
      "mode": "managed",
      "type": "azurerm_subnet_network_security_group_association",
      "name": "tfmodule",
      "provider": "provider[\"registry.terraform.io/hashicorp/azurerm\"]",
      "instances": [
        {
          "index_key": 0,
          "schema_version": 0,
          "attributes": {
            "id": "/subscriptions/73f945ea-93d3-435b-8a04-fe92eb8645c7/resourceGroups/Hands-On-NO.4/providers/Microsoft.Network/virtualNetworks/NO.4-VNet01/subnets/NO.4-Subnet01",
            "network_security_group_id": "/subscriptions/73f945ea-93d3-435b-8a04-fe92eb8645c7/resourceGroups/Hands-On-NO.4/providers/Microsoft.Network/networkSecurityGroups/NO.4-NSG01",
            "subnet_id": "/subscriptions/73f945ea-93d3-435b-8a04-fe92eb8645c7/resourceGroups/Hands-On-NO.4/providers/Microsoft.Network/virtualNetworks/NO.4-VNet01/subnets/NO.4-Subnet01",
            "timeouts": null
          },
          "sensitive_attributes": [],
          "private": "eyJlMmJmYjczMC1lY2FhLTExZTYtOGY4OC0zNDM2M2JjN2M0YzAiOnsiY3JlYXRlIjoxODAwMDAwMDAwMDAwLCJkZWxldGUiOjE4MDAwMDAwMDAwMDAsInJlYWQiOjMwMDAwMDAwMDAwMCwidXBkYXRlIjoxODAwMDAwMDAwMDAwfX0=",
          "dependencies": [
            "module.nsg.azurerm_network_security_group.tfmodule",
            "module.resource_group.azurerm_resource_group.tfmodule",
            "module.vnet.azurerm_subnet.tfmodule",
            "module.vnet.azurerm_virtual_network.tfmodule"
          ]
        }
      ]
    },
    {
      "module": "module.nsg_subnet_set2",
      "mode": "managed",
      "type": "azurerm_subnet_network_security_group_association",
      "name": "tfmodule",
      "provider": "provider[\"registry.terraform.io/hashicorp/azurerm\"]",
      "instances": [
        {
          "index_key": 0,
          "schema_version": 0,
          "attributes": {
            "id": "/subscriptions/73f945ea-93d3-435b-8a04-fe92eb8645c7/resourceGroups/Hands-On-NO.4/providers/Microsoft.Network/virtualNetworks/NO.4-VNet02/subnets/NO.4-Subnet02",
            "network_security_group_id": "/subscriptions/73f945ea-93d3-435b-8a04-fe92eb8645c7/resourceGroups/Hands-On-NO.4/providers/Microsoft.Network/networkSecurityGroups/NO.4-NSG02",
            "subnet_id": "/subscriptions/73f945ea-93d3-435b-8a04-fe92eb8645c7/resourceGroups/Hands-On-NO.4/providers/Microsoft.Network/virtualNetworks/NO.4-VNet02/subnets/NO.4-Subnet02",
            "timeouts": null
          },
          "sensitive_attributes": [],
          "private": "eyJlMmJmYjczMC1lY2FhLTExZTYtOGY4OC0zNDM2M2JjN2M0YzAiOnsiY3JlYXRlIjoxODAwMDAwMDAwMDAwLCJkZWxldGUiOjE4MDAwMDAwMDAwMDAsInJlYWQiOjMwMDAwMDAwMDAwMCwidXBkYXRlIjoxODAwMDAwMDAwMDAwfX0=",
          "dependencies": [
            "module.nsg2.azurerm_network_security_group.tfmodule",
            "module.resource_group.azurerm_resource_group.tfmodule",
            "module.vnet2.azurerm_subnet.tfmodule",
            "module.vnet2.azurerm_virtual_network.tfmodule"
          ]
        }
      ]
    },
    {
      "module": "module.peering",
      "mode": "managed",
      "type": "azurerm_virtual_network_peering",
      "name": "peer1to2",
      "provider": "provider[\"registry.terraform.io/hashicorp/azurerm\"]",
      "instances": [
        {
          "schema_version": 0,
          "attributes": {
            "allow_forwarded_traffic": false,
            "allow_gateway_transit": false,
            "allow_virtual_network_access": true,
            "id": "/subscriptions/73f945ea-93d3-435b-8a04-fe92eb8645c7/resourceGroups/Hands-On-NO.4/providers/Microsoft.Network/virtualNetworks/NO.4-VNet01/virtualNetworkPeerings/peer1to2",
            "name": "peer1to2",
            "remote_virtual_network_id": "/subscriptions/73f945ea-93d3-435b-8a04-fe92eb8645c7/resourceGroups/Hands-On-NO.4/providers/Microsoft.Network/virtualNetworks/NO.4-VNet02",
            "resource_group_name": "Hands-On-NO.4",
            "timeouts": null,
            "use_remote_gateways": false,
            "virtual_network_name": "NO.4-VNet01"
          },
          "sensitive_attributes": [],
          "private": "eyJlMmJmYjczMC1lY2FhLTExZTYtOGY4OC0zNDM2M2JjN2M0YzAiOnsiY3JlYXRlIjoxODAwMDAwMDAwMDAwLCJkZWxldGUiOjE4MDAwMDAwMDAwMDAsInJlYWQiOjMwMDAwMDAwMDAwMCwidXBkYXRlIjoxODAwMDAwMDAwMDAwfX0=",
          "dependencies": [
            "module.resource_group.azurerm_resource_group.tfmodule",
            "module.vnet2.azurerm_virtual_network.tfmodule"
          ]
        }
      ]
    },
    {
      "module": "module.peering",
      "mode": "managed",
      "type": "azurerm_virtual_network_peering",
      "name": "peer2to1",
      "provider": "provider[\"registry.terraform.io/hashicorp/azurerm\"]",
      "instances": [
        {
          "schema_version": 0,
          "attributes": {
            "allow_forwarded_traffic": false,
            "allow_gateway_transit": false,
            "allow_virtual_network_access": true,
            "id": "/subscriptions/73f945ea-93d3-435b-8a04-fe92eb8645c7/resourceGroups/Hands-On-NO.4/providers/Microsoft.Network/virtualNetworks/NO.4-VNet02/virtualNetworkPeerings/peer2to1",
            "name": "peer2to1",
            "remote_virtual_network_id": "/subscriptions/73f945ea-93d3-435b-8a04-fe92eb8645c7/resourceGroups/Hands-On-NO.4/providers/Microsoft.Network/virtualNetworks/NO.4-VNet01",
            "resource_group_name": "Hands-On-NO.4",
            "timeouts": null,
            "use_remote_gateways": false,
            "virtual_network_name": "NO.4-VNet02"
          },
          "sensitive_attributes": [],
          "private": "eyJlMmJmYjczMC1lY2FhLTExZTYtOGY4OC0zNDM2M2JjN2M0YzAiOnsiY3JlYXRlIjoxODAwMDAwMDAwMDAwLCJkZWxldGUiOjE4MDAwMDAwMDAwMDAsInJlYWQiOjMwMDAwMDAwMDAwMCwidXBkYXRlIjoxODAwMDAwMDAwMDAwfX0=",
          "dependencies": [
            "module.resource_group.azurerm_resource_group.tfmodule",
            "module.vnet.azurerm_virtual_network.tfmodule"
          ]
        }
      ]
    },
    {
      "module": "module.resource_group",
      "mode": "managed",
      "type": "azurerm_resource_group",
      "name": "tfmodule",
      "provider": "provider[\"registry.terraform.io/hashicorp/azurerm\"]",
      "instances": [
        {
          "schema_version": 0,
          "attributes": {
            "id": "/subscriptions/73f945ea-93d3-435b-8a04-fe92eb8645c7/resourceGroups/Hands-On-NO.4",
            "location": "eastus",
            "name": "Hands-On-NO.4",
            "tags": {},
            "timeouts": null
          },
          "sensitive_attributes": [],
          "private": "eyJlMmJmYjczMC1lY2FhLTExZTYtOGY4OC0zNDM2M2JjN2M0YzAiOnsiY3JlYXRlIjo1NDAwMDAwMDAwMDAwLCJkZWxldGUiOjU0MDAwMDAwMDAwMDAsInJlYWQiOjMwMDAwMDAwMDAwMCwidXBkYXRlIjo1NDAwMDAwMDAwMDAwfX0="
        }
      ]
    },
    {
      "module": "module.routetable",
      "mode": "managed",
      "type": "azurerm_route_table",
      "name": "tfmodule",
      "provider": "provider[\"registry.terraform.io/hashicorp/azurerm\"]",
      "instances": [
        {
          "index_key": 0,
          "schema_version": 0,
          "attributes": {
            "disable_bgp_route_propagation": false,
            "id": "/subscriptions/73f945ea-93d3-435b-8a04-fe92eb8645c7/resourceGroups/Hands-On-NO.4/providers/Microsoft.Network/routeTables/NO.4-RT",
            "location": "eastus",
            "name": "NO.4-RT",
            "resource_group_name": "Hands-On-NO.4",
            "route": [
              {
                "address_prefix": "192.168.0.0/16",
                "name": "route1",
                "next_hop_in_ip_address": "192.168.1.20",
                "next_hop_type": "VirtualAppliance"
              }
            ],
            "subnets": [],
            "tags": {},
            "timeouts": null
          },
          "sensitive_attributes": [],
          "private": "eyJlMmJmYjczMC1lY2FhLTExZTYtOGY4OC0zNDM2M2JjN2M0YzAiOnsiY3JlYXRlIjoxODAwMDAwMDAwMDAwLCJkZWxldGUiOjE4MDAwMDAwMDAwMDAsInJlYWQiOjMwMDAwMDAwMDAwMCwidXBkYXRlIjoxODAwMDAwMDAwMDAwfX0=",
          "dependencies": [
            "module.nic2.azurerm_network_interface.tfmodule",
            "module.resource_group.azurerm_resource_group.tfmodule",
            "module.storage.azurerm_storage_account.tfmodule",
            "module.vnet.azurerm_subnet.tfmodule",
            "module.vnet.azurerm_virtual_network.tfmodule",
            "module.vnet2.azurerm_subnet.tfmodule",
            "module.vnet2.azurerm_virtual_network.tfmodule"
          ]
        }
      ]
    },
    {
      "module": "module.routetable",
      "mode": "managed",
      "type": "azurerm_subnet_route_table_association",
      "name": "example",
      "provider": "provider[\"registry.terraform.io/hashicorp/azurerm\"]",
      "instances": [
        {
          "index_key": 0,
          "schema_version": 0,
          "attributes": {
            "id": "/subscriptions/73f945ea-93d3-435b-8a04-fe92eb8645c7/resourceGroups/Hands-On-NO.4/providers/Microsoft.Network/virtualNetworks/NO.4-VNet01/subnets/NO.4-Subnet01",
            "route_table_id": "/subscriptions/73f945ea-93d3-435b-8a04-fe92eb8645c7/resourceGroups/Hands-On-NO.4/providers/Microsoft.Network/routeTables/NO.4-RT",
            "subnet_id": "/subscriptions/73f945ea-93d3-435b-8a04-fe92eb8645c7/resourceGroups/Hands-On-NO.4/providers/Microsoft.Network/virtualNetworks/NO.4-VNet01/subnets/NO.4-Subnet01",
            "timeouts": null
          },
          "sensitive_attributes": [],
          "private": "eyJlMmJmYjczMC1lY2FhLTExZTYtOGY4OC0zNDM2M2JjN2M0YzAiOnsiY3JlYXRlIjoxODAwMDAwMDAwMDAwLCJkZWxldGUiOjE4MDAwMDAwMDAwMDAsInJlYWQiOjMwMDAwMDAwMDAwMCwidXBkYXRlIjoxODAwMDAwMDAwMDAwfX0=",
          "dependencies": [
            "module.nic2.azurerm_network_interface.tfmodule",
            "module.routetable.azurerm_route_table.tfmodule",
            "module.storage.azurerm_storage_account.tfmodule",
            "module.vnet.azurerm_subnet.tfmodule"
          ]
        }
      ]
    },
    {
      "module": "module.storage",
      "mode": "managed",
      "type": "azurerm_storage_account",
      "name": "tfmodule",
      "provider": "provider[\"registry.terraform.io/hashicorp/azurerm\"]",
      "instances": [
        {
          "index_key": 0,
          "schema_version": 2,
          "attributes": {
            "access_tier": "Hot",
            "account_kind": "StorageV2",
            "account_replication_type": "LRS",
            "account_tier": "Standard",
            "allow_blob_public_access": false,
            "blob_properties": [],
            "custom_domain": [],
            "enable_https_traffic_only": true,
            "id": "/subscriptions/73f945ea-93d3-435b-8a04-fe92eb8645c7/resourceGroups/Hands-On-NO.4/providers/Microsoft.Storage/storageAccounts/no4storagehh",
            "identity": [],
            "is_hns_enabled": false,
            "large_file_share_enabled": null,
            "location": "eastus",
            "min_tls_version": "TLS1_0",
            "name": "no4storagehh",
            "network_rules": [
              {
                "bypass": [
                  "AzureServices"
                ],
                "default_action": "Allow",
                "ip_rules": [],
                "virtual_network_subnet_ids": []
              }
            ],
            "primary_access_key": "Dr+ODVk9+oBtpMUJ92nmcGJJ3SE0DgmpKuais00p0GhM2m6OxS8vNjdVFubgtDFDfmvmzlJKHvjj6hi7EQF/Iw==",
            "primary_blob_connection_string": "DefaultEndpointsProtocol=https;BlobEndpoint=https://no4storagehh.blob.core.windows.net/;AccountName=no4storagehh;AccountKey=Dr+ODVk9+oBtpMUJ92nmcGJJ3SE0DgmpKuais00p0GhM2m6OxS8vNjdVFubgtDFDfmvmzlJKHvjj6hi7EQF/Iw==",
            "primary_blob_endpoint": "https://no4storagehh.blob.core.windows.net/",
            "primary_blob_host": "no4storagehh.blob.core.windows.net",
            "primary_connection_string": "DefaultEndpointsProtocol=https;AccountName=no4storagehh;AccountKey=Dr+ODVk9+oBtpMUJ92nmcGJJ3SE0DgmpKuais00p0GhM2m6OxS8vNjdVFubgtDFDfmvmzlJKHvjj6hi7EQF/Iw==;EndpointSuffix=core.windows.net",
            "primary_dfs_endpoint": "https://no4storagehh.dfs.core.windows.net/",
            "primary_dfs_host": "no4storagehh.dfs.core.windows.net",
            "primary_file_endpoint": "https://no4storagehh.file.core.windows.net/",
            "primary_file_host": "no4storagehh.file.core.windows.net",
            "primary_location": "eastus",
            "primary_queue_endpoint": "https://no4storagehh.queue.core.windows.net/",
            "primary_queue_host": "no4storagehh.queue.core.windows.net",
            "primary_table_endpoint": "https://no4storagehh.table.core.windows.net/",
            "primary_table_host": "no4storagehh.table.core.windows.net",
            "primary_web_endpoint": "https://no4storagehh.z13.web.core.windows.net/",
            "primary_web_host": "no4storagehh.z13.web.core.windows.net",
            "queue_properties": [
              {
                "cors_rule": [],
                "hour_metrics": [
                  {
                    "enabled": true,
                    "include_apis": true,
                    "retention_policy_days": 7,
                    "version": "1.0"
                  }
                ],
                "logging": [
                  {
                    "delete": false,
                    "read": false,
                    "retention_policy_days": 0,
                    "version": "1.0",
                    "write": false
                  }
                ],
                "minute_metrics": [
                  {
                    "enabled": false,
                    "include_apis": false,
                    "retention_policy_days": 0,
                    "version": "1.0"
                  }
                ]
              }
            ],
            "resource_group_name": "Hands-On-NO.4",
            "secondary_access_key": "AEuRiXwG7K16ePj80mydQjzLSyyHraIZKjAGN7tH5gQf0BrPcbgsFYGPi7SY296U7ww1shlw4J4lzIAqKSj1wA==",
            "secondary_blob_connection_string": "",
            "secondary_blob_endpoint": null,
            "secondary_blob_host": null,
            "secondary_connection_string": "DefaultEndpointsProtocol=https;AccountName=no4storagehh;AccountKey=AEuRiXwG7K16ePj80mydQjzLSyyHraIZKjAGN7tH5gQf0BrPcbgsFYGPi7SY296U7ww1shlw4J4lzIAqKSj1wA==;EndpointSuffix=core.windows.net",
            "secondary_dfs_endpoint": null,
            "secondary_dfs_host": null,
            "secondary_file_endpoint": null,
            "secondary_file_host": null,
            "secondary_location": "",
            "secondary_queue_endpoint": null,
            "secondary_queue_host": null,
            "secondary_table_endpoint": null,
            "secondary_table_host": null,
            "secondary_web_endpoint": null,
            "secondary_web_host": null,
            "static_website": [],
            "tags": {},
            "timeouts": null
          },
          "sensitive_attributes": [],
          "private": "eyJlMmJmYjczMC1lY2FhLTExZTYtOGY4OC0zNDM2M2JjN2M0YzAiOnsiY3JlYXRlIjozNjAwMDAwMDAwMDAwLCJkZWxldGUiOjM2MDAwMDAwMDAwMDAsInJlYWQiOjMwMDAwMDAwMDAwMCwidXBkYXRlIjozNjAwMDAwMDAwMDAwfSwic2NoZW1hX3ZlcnNpb24iOiIyIn0=",
          "dependencies": [
            "module.resource_group.azurerm_resource_group.tfmodule"
          ]
        }
      ]
    },
    {
      "module": "module.vm",
      "mode": "managed",
      "type": "azurerm_virtual_machine",
      "name": "tfmodule",
      "provider": "provider[\"registry.terraform.io/hashicorp/azurerm\"]",
      "instances": [
        {
          "index_key": 0,
          "schema_version": 0,
          "attributes": {
            "additional_capabilities": [],
            "availability_set_id": "/subscriptions/73f945ea-93d3-435b-8a04-fe92eb8645c7/resourcegroups/hands-on-no.4/providers/microsoft.compute/availabilitysets/no.4-avset01",
            "boot_diagnostics": [
              {
                "enabled": true,
                "storage_uri": "https://no4storagehh.blob.core.windows.net/"
              }
            ],
            "delete_data_disks_on_termination": false,
            "delete_os_disk_on_termination": true,
            "id": "/subscriptions/73f945ea-93d3-435b-8a04-fe92eb8645c7/resourceGroups/Hands-On-NO.4/providers/Microsoft.Compute/virtualMachines/vm-test-01",
            "identity": [],
            "license_type": null,
            "location": "eastus",
            "name": "vm-test-01",
            "network_interface_ids": [
              "/subscriptions/73f945ea-93d3-435b-8a04-fe92eb8645c7/resourceGroups/Hands-On-NO.4/providers/Microsoft.Network/networkInterfaces/vm-test-01-nic-ext"
            ],
            "os_profile": [
              {
                "admin_password": "",
                "admin_username": "azureuser",
                "computer_name": "vm-test-01",
                "custom_data": ""
              }
            ],
            "os_profile_linux_config": [
              {
                "disable_password_authentication": false,
                "ssh_keys": []
              }
            ],
            "os_profile_secrets": [],
            "os_profile_windows_config": [],
            "plan": [],
            "primary_network_interface_id": "/subscriptions/73f945ea-93d3-435b-8a04-fe92eb8645c7/resourceGroups/Hands-On-NO.4/providers/Microsoft.Network/networkInterfaces/vm-test-01-nic-ext",
            "proximity_placement_group_id": null,
            "resource_group_name": "Hands-On-NO.4",
            "storage_data_disk": [
              {
                "caching": "ReadWrite",
                "create_option": "Attach",
                "disk_size_gb": 32,
                "lun": 1,
                "managed_disk_id": "/subscriptions/73f945ea-93d3-435b-8a04-fe92eb8645c7/resourceGroups/Hands-On-NO.4/providers/Microsoft.Compute/disks/vm-test-01-disk-data-1",
                "managed_disk_type": "Standard_LRS",
                "name": "vm-test-01-disk-data-1",
                "vhd_uri": "",
                "write_accelerator_enabled": false
              },
              {
                "caching": "ReadWrite",
                "create_option": "Attach",
                "disk_size_gb": 32,
                "lun": 0,
                "managed_disk_id": "/subscriptions/73f945ea-93d3-435b-8a04-fe92eb8645c7/resourceGroups/Hands-On-NO.4/providers/Microsoft.Compute/disks/vm-test-01-disk-data-0",
                "managed_disk_type": "Standard_LRS",
                "name": "vm-test-01-disk-data-0",
                "vhd_uri": "",
                "write_accelerator_enabled": false
              }
            ],
            "storage_image_reference": [
              {
                "id": "",
                "offer": "UbuntuServer",
                "publisher": "Canonical",
                "sku": "16.04-LTS",
                "version": "latest"
              }
            ],
            "storage_os_disk": [
              {
                "caching": "ReadWrite",
                "create_option": "FromImage",
                "disk_size_gb": 32,
                "image_uri": "",
                "managed_disk_id": "/subscriptions/73f945ea-93d3-435b-8a04-fe92eb8645c7/resourceGroups/Hands-On-NO.4/providers/Microsoft.Compute/disks/vm-test-01-disk-os",
                "managed_disk_type": "Premium_LRS",
                "name": "vm-test-01-disk-os",
                "os_type": "Linux",
                "vhd_uri": "",
                "write_accelerator_enabled": false
              }
            ],
            "tags": {
              "tag1": "tag1"
            },
            "timeouts": null,
            "vm_size": "Standard_F2s",
            "zones": []
          },
          "sensitive_attributes": [],
          "private": "eyJlMmJmYjczMC1lY2FhLTExZTYtOGY4OC0zNDM2M2JjN2M0YzAiOnsiY3JlYXRlIjozNjAwMDAwMDAwMDAwLCJkZWxldGUiOjM2MDAwMDAwMDAwMDAsInJlYWQiOjMwMDAwMDAwMDAwMCwidXBkYXRlIjozNjAwMDAwMDAwMDAwfX0=",
          "dependencies": [
            "module.avset.azurerm_availability_set.tfmodule",
            "module.nic.azurerm_network_interface.tfmodule",
            "module.resource_group.azurerm_resource_group.tfmodule",
            "module.storage.azurerm_storage_account.tfmodule",
            "module.vnet.azurerm_subnet.tfmodule",
            "module.vnet.azurerm_virtual_network.tfmodule"
          ]
        },
        {
          "index_key": 1,
          "schema_version": 0,
          "attributes": {
            "additional_capabilities": [],
            "availability_set_id": "/subscriptions/73f945ea-93d3-435b-8a04-fe92eb8645c7/resourcegroups/hands-on-no.4/providers/microsoft.compute/availabilitysets/no.4-avset01",
            "boot_diagnostics": [
              {
                "enabled": true,
                "storage_uri": "https://no4storagehh.blob.core.windows.net/"
              }
            ],
            "delete_data_disks_on_termination": false,
            "delete_os_disk_on_termination": true,
            "id": "/subscriptions/73f945ea-93d3-435b-8a04-fe92eb8645c7/resourceGroups/Hands-On-NO.4/providers/Microsoft.Compute/virtualMachines/vm-test-02",
            "identity": [],
            "license_type": null,
            "location": "eastus",
            "name": "vm-test-02",
            "network_interface_ids": [
              "/subscriptions/73f945ea-93d3-435b-8a04-fe92eb8645c7/resourceGroups/Hands-On-NO.4/providers/Microsoft.Network/networkInterfaces/vm-test-02-nic-ext"
            ],
            "os_profile": [
              {
                "admin_password": "",
                "admin_username": "azureuser",
                "computer_name": "vm-test-02",
                "custom_data": ""
              }
            ],
            "os_profile_linux_config": [
              {
                "disable_password_authentication": false,
                "ssh_keys": []
              }
            ],
            "os_profile_secrets": [],
            "os_profile_windows_config": [],
            "plan": [],
            "primary_network_interface_id": "/subscriptions/73f945ea-93d3-435b-8a04-fe92eb8645c7/resourceGroups/Hands-On-NO.4/providers/Microsoft.Network/networkInterfaces/vm-test-02-nic-ext",
            "proximity_placement_group_id": null,
            "resource_group_name": "Hands-On-NO.4",
            "storage_data_disk": [
              {
                "caching": "ReadWrite",
                "create_option": "Attach",
                "disk_size_gb": 32,
                "lun": 1,
                "managed_disk_id": "/subscriptions/73f945ea-93d3-435b-8a04-fe92eb8645c7/resourceGroups/Hands-On-NO.4/providers/Microsoft.Compute/disks/vm-test-02-disk-data-1",
                "managed_disk_type": "Standard_LRS",
                "name": "vm-test-02-disk-data-1",
                "vhd_uri": "",
                "write_accelerator_enabled": false
              },
              {
                "caching": "ReadWrite",
                "create_option": "Attach",
                "disk_size_gb": 32,
                "lun": 0,
                "managed_disk_id": "/subscriptions/73f945ea-93d3-435b-8a04-fe92eb8645c7/resourceGroups/Hands-On-NO.4/providers/Microsoft.Compute/disks/vm-test-02-disk-data-0",
                "managed_disk_type": "Standard_LRS",
                "name": "vm-test-02-disk-data-0",
                "vhd_uri": "",
                "write_accelerator_enabled": false
              }
            ],
            "storage_image_reference": [
              {
                "id": "",
                "offer": "UbuntuServer",
                "publisher": "Canonical",
                "sku": "16.04-LTS",
                "version": "latest"
              }
            ],
            "storage_os_disk": [
              {
                "caching": "ReadWrite",
                "create_option": "FromImage",
                "disk_size_gb": 32,
                "image_uri": "",
                "managed_disk_id": "/subscriptions/73f945ea-93d3-435b-8a04-fe92eb8645c7/resourceGroups/Hands-On-NO.4/providers/Microsoft.Compute/disks/vm-test-02-disk-os",
                "managed_disk_type": "Premium_LRS",
                "name": "vm-test-02-disk-os",
                "os_type": "Linux",
                "vhd_uri": "",
                "write_accelerator_enabled": false
              }
            ],
            "tags": {
              "tag2": "tag2"
            },
            "timeouts": null,
            "vm_size": "Standard_F2s",
            "zones": []
          },
          "sensitive_attributes": [],
          "private": "eyJlMmJmYjczMC1lY2FhLTExZTYtOGY4OC0zNDM2M2JjN2M0YzAiOnsiY3JlYXRlIjozNjAwMDAwMDAwMDAwLCJkZWxldGUiOjM2MDAwMDAwMDAwMDAsInJlYWQiOjMwMDAwMDAwMDAwMCwidXBkYXRlIjozNjAwMDAwMDAwMDAwfX0=",
          "dependencies": [
            "module.avset.azurerm_availability_set.tfmodule",
            "module.nic.azurerm_network_interface.tfmodule",
            "module.resource_group.azurerm_resource_group.tfmodule",
            "module.storage.azurerm_storage_account.tfmodule",
            "module.vnet.azurerm_subnet.tfmodule",
            "module.vnet.azurerm_virtual_network.tfmodule"
          ]
        }
      ]
    },
    {
      "module": "module.vm",
      "mode": "managed",
      "type": "azurerm_virtual_machine_extension",
      "name": "tfmodule",
      "provider": "provider[\"registry.terraform.io/hashicorp/azurerm\"]",
      "instances": [
        {
          "index_key": 0,
          "schema_version": 0,
          "attributes": {
            "auto_upgrade_minor_version": false,
            "id": "/subscriptions/73f945ea-93d3-435b-8a04-fe92eb8645c7/resourceGroups/Hands-On-NO.4/providers/Microsoft.Compute/virtualMachines/vm-test-01/extensions/nginx_hostname",
            "name": "nginx_hostname",
            "protected_settings": null,
            "publisher": "Microsoft.Azure.Extensions",
            "settings": "{\"commandToExecute\":\"apt-get -y update \\u0026\\u0026 apt-get -y install nginx \\u0026\\u0026 hostname \\u003e /var/www/html/index.html\"}",
            "tags": {},
            "timeouts": null,
            "type": "CustomScript",
            "type_handler_version": "2.0",
            "virtual_machine_id": "/subscriptions/73f945ea-93d3-435b-8a04-fe92eb8645c7/resourceGroups/Hands-On-NO.4/providers/Microsoft.Compute/virtualMachines/vm-test-01"
          },
          "sensitive_attributes": [],
          "private": "eyJlMmJmYjczMC1lY2FhLTExZTYtOGY4OC0zNDM2M2JjN2M0YzAiOnsiY3JlYXRlIjoxODAwMDAwMDAwMDAwLCJkZWxldGUiOjE4MDAwMDAwMDAwMDAsInJlYWQiOjMwMDAwMDAwMDAwMCwidXBkYXRlIjoxODAwMDAwMDAwMDAwfX0=",
          "dependencies": [
            "module.avset.azurerm_availability_set.tfmodule",
            "module.nic.azurerm_network_interface.tfmodule",
            "module.resource_group.azurerm_resource_group.tfmodule",
            "module.storage.azurerm_storage_account.tfmodule",
            "module.vm.azurerm_virtual_machine.tfmodule",
            "module.vnet.azurerm_subnet.tfmodule",
            "module.vnet.azurerm_virtual_network.tfmodule"
          ]
        },
        {
          "index_key": 1,
          "schema_version": 0,
          "attributes": {
            "auto_upgrade_minor_version": false,
            "id": "/subscriptions/73f945ea-93d3-435b-8a04-fe92eb8645c7/resourceGroups/Hands-On-NO.4/providers/Microsoft.Compute/virtualMachines/vm-test-02/extensions/nginx_hostname",
            "name": "nginx_hostname",
            "protected_settings": null,
            "publisher": "Microsoft.Azure.Extensions",
            "settings": "{\"commandToExecute\":\"apt-get -y update \\u0026\\u0026 apt-get -y install nginx \\u0026\\u0026 hostname \\u003e /var/www/html/index.html\"}",
            "tags": {},
            "timeouts": null,
            "type": "CustomScript",
            "type_handler_version": "2.0",
            "virtual_machine_id": "/subscriptions/73f945ea-93d3-435b-8a04-fe92eb8645c7/resourceGroups/Hands-On-NO.4/providers/Microsoft.Compute/virtualMachines/vm-test-02"
          },
          "sensitive_attributes": [],
          "private": "eyJlMmJmYjczMC1lY2FhLTExZTYtOGY4OC0zNDM2M2JjN2M0YzAiOnsiY3JlYXRlIjoxODAwMDAwMDAwMDAwLCJkZWxldGUiOjE4MDAwMDAwMDAwMDAsInJlYWQiOjMwMDAwMDAwMDAwMCwidXBkYXRlIjoxODAwMDAwMDAwMDAwfX0=",
          "dependencies": [
            "module.avset.azurerm_availability_set.tfmodule",
            "module.nic.azurerm_network_interface.tfmodule",
            "module.resource_group.azurerm_resource_group.tfmodule",
            "module.storage.azurerm_storage_account.tfmodule",
            "module.vm.azurerm_virtual_machine.tfmodule",
            "module.vnet.azurerm_subnet.tfmodule",
            "module.vnet.azurerm_virtual_network.tfmodule"
          ]
        }
      ]
    },
    {
      "module": "module.vm2",
      "mode": "managed",
      "type": "azurerm_virtual_machine",
      "name": "tfmodule",
      "provider": "provider[\"registry.terraform.io/hashicorp/azurerm\"]",
      "instances": [
        {
          "index_key": 0,
          "schema_version": 0,
          "attributes": {
            "additional_capabilities": [],
            "availability_set_id": null,
            "boot_diagnostics": [
              {
                "enabled": true,
                "storage_uri": "https://no4storagehh.blob.core.windows.net/"
              }
            ],
            "delete_data_disks_on_termination": false,
            "delete_os_disk_on_termination": true,
            "id": "/subscriptions/73f945ea-93d3-435b-8a04-fe92eb8645c7/resourceGroups/Hands-On-NO.4/providers/Microsoft.Compute/virtualMachines/vm-test-03",
            "identity": [],
            "license_type": null,
            "location": "eastus",
            "name": "vm-test-03",
            "network_interface_ids": [
              "/subscriptions/73f945ea-93d3-435b-8a04-fe92eb8645c7/resourceGroups/Hands-On-NO.4/providers/Microsoft.Network/networkInterfaces/vm-test-03-nic-int"
            ],
            "os_profile": [
              {
                "admin_password": "",
                "admin_username": "azureuser",
                "computer_name": "vm-test-03",
                "custom_data": ""
              }
            ],
            "os_profile_linux_config": [
              {
                "disable_password_authentication": false,
                "ssh_keys": []
              }
            ],
            "os_profile_secrets": [],
            "os_profile_windows_config": [],
            "plan": [],
            "primary_network_interface_id": "/subscriptions/73f945ea-93d3-435b-8a04-fe92eb8645c7/resourceGroups/Hands-On-NO.4/providers/Microsoft.Network/networkInterfaces/vm-test-03-nic-int",
            "proximity_placement_group_id": null,
            "resource_group_name": "Hands-On-NO.4",
            "storage_data_disk": [],
            "storage_image_reference": [
              {
                "id": "",
                "offer": "UbuntuServer",
                "publisher": "Canonical",
                "sku": "16.04-LTS",
                "version": "latest"
              }
            ],
            "storage_os_disk": [
              {
                "caching": "ReadWrite",
                "create_option": "FromImage",
                "disk_size_gb": 32,
                "image_uri": "",
                "managed_disk_id": "/subscriptions/73f945ea-93d3-435b-8a04-fe92eb8645c7/resourceGroups/Hands-On-NO.4/providers/Microsoft.Compute/disks/vm-test-03-disk-os",
                "managed_disk_type": "Premium_LRS",
                "name": "vm-test-03-disk-os",
                "os_type": "Linux",
                "vhd_uri": "",
                "write_accelerator_enabled": false
              }
            ],
            "tags": {
              "tag2": "tag2"
            },
            "timeouts": null,
            "vm_size": "Standard_F2s",
            "zones": []
          },
          "sensitive_attributes": [],
          "private": "eyJlMmJmYjczMC1lY2FhLTExZTYtOGY4OC0zNDM2M2JjN2M0YzAiOnsiY3JlYXRlIjozNjAwMDAwMDAwMDAwLCJkZWxldGUiOjM2MDAwMDAwMDAwMDAsInJlYWQiOjMwMDAwMDAwMDAwMCwidXBkYXRlIjozNjAwMDAwMDAwMDAwfX0=",
          "dependencies": [
            "module.nic2.azurerm_network_interface.tfmodule",
            "module.resource_group.azurerm_resource_group.tfmodule",
            "module.storage.azurerm_storage_account.tfmodule",
            "module.vnet2.azurerm_subnet.tfmodule",
            "module.vnet2.azurerm_virtual_network.tfmodule"
          ]
        }
      ]
    },
    {
      "module": "module.vnet",
      "mode": "managed",
      "type": "azurerm_subnet",
      "name": "tfmodule",
      "provider": "provider[\"registry.terraform.io/hashicorp/azurerm\"]",
      "instances": [
        {
          "index_key": 0,
          "schema_version": 0,
          "attributes": {
            "address_prefix": "10.1.0.0/16",
            "address_prefixes": [
              "10.1.0.0/16"
            ],
            "delegation": [],
            "enforce_private_link_endpoint_network_policies": false,
            "enforce_private_link_service_network_policies": false,
            "id": "/subscriptions/73f945ea-93d3-435b-8a04-fe92eb8645c7/resourceGroups/Hands-On-NO.4/providers/Microsoft.Network/virtualNetworks/NO.4-VNet01/subnets/NO.4-Subnet01",
            "name": "NO.4-Subnet01",
            "resource_group_name": "Hands-On-NO.4",
            "service_endpoints": [],
            "timeouts": null,
            "virtual_network_name": "NO.4-VNet01"
          },
          "sensitive_attributes": [],
          "private": "eyJlMmJmYjczMC1lY2FhLTExZTYtOGY4OC0zNDM2M2JjN2M0YzAiOnsiY3JlYXRlIjoxODAwMDAwMDAwMDAwLCJkZWxldGUiOjE4MDAwMDAwMDAwMDAsInJlYWQiOjMwMDAwMDAwMDAwMCwidXBkYXRlIjoxODAwMDAwMDAwMDAwfX0=",
          "dependencies": [
            "module.resource_group.azurerm_resource_group.tfmodule",
            "module.vnet.azurerm_virtual_network.tfmodule"
          ]
        }
      ]
    },
    {
      "module": "module.vnet",
      "mode": "managed",
      "type": "azurerm_virtual_network",
      "name": "tfmodule",
      "provider": "provider[\"registry.terraform.io/hashicorp/azurerm\"]",
      "instances": [
        {
          "schema_version": 0,
          "attributes": {
            "address_space": [
              "10.0.0.0/8"
            ],
            "bgp_community": "",
            "ddos_protection_plan": [],
            "dns_servers": [],
            "guid": "b274daee-d990-4d6c-a42f-72dde977f225",
            "id": "/subscriptions/73f945ea-93d3-435b-8a04-fe92eb8645c7/resourceGroups/Hands-On-NO.4/providers/Microsoft.Network/virtualNetworks/NO.4-VNet01",
            "location": "eastus",
            "name": "NO.4-VNet01",
            "resource_group_name": "Hands-On-NO.4",
            "subnet": [
              {
                "address_prefix": "10.1.0.0/16",
                "id": "/subscriptions/73f945ea-93d3-435b-8a04-fe92eb8645c7/resourceGroups/Hands-On-NO.4/providers/Microsoft.Network/virtualNetworks/NO.4-VNet01/subnets/NO.4-Subnet01",
                "name": "NO.4-Subnet01",
                "security_group": "/subscriptions/73f945ea-93d3-435b-8a04-fe92eb8645c7/resourceGroups/Hands-On-NO.4/providers/Microsoft.Network/networkSecurityGroups/NO.4-NSG01"
              }
            ],
            "tags": {},
            "timeouts": null,
            "vm_protection_enabled": false
          },
          "sensitive_attributes": [],
          "private": "eyJlMmJmYjczMC1lY2FhLTExZTYtOGY4OC0zNDM2M2JjN2M0YzAiOnsiY3JlYXRlIjoxODAwMDAwMDAwMDAwLCJkZWxldGUiOjE4MDAwMDAwMDAwMDAsInJlYWQiOjMwMDAwMDAwMDAwMCwidXBkYXRlIjoxODAwMDAwMDAwMDAwfX0=",
          "dependencies": [
            "module.resource_group.azurerm_resource_group.tfmodule"
          ]
        }
      ]
    },
    {
      "module": "module.vnet2",
      "mode": "managed",
      "type": "azurerm_subnet",
      "name": "tfmodule",
      "provider": "provider[\"registry.terraform.io/hashicorp/azurerm\"]",
      "instances": [
        {
          "index_key": 0,
          "schema_version": 0,
          "attributes": {
            "address_prefix": "192.168.1.0/26",
            "address_prefixes": [
              "192.168.1.0/26"
            ],
            "delegation": [],
            "enforce_private_link_endpoint_network_policies": false,
            "enforce_private_link_service_network_policies": false,
            "id": "/subscriptions/73f945ea-93d3-435b-8a04-fe92eb8645c7/resourceGroups/Hands-On-NO.4/providers/Microsoft.Network/virtualNetworks/NO.4-VNet02/subnets/NO.4-Subnet02",
            "name": "NO.4-Subnet02",
            "resource_group_name": "Hands-On-NO.4",
            "service_endpoints": [],
            "timeouts": null,
            "virtual_network_name": "NO.4-VNet02"
          },
          "sensitive_attributes": [],
          "private": "eyJlMmJmYjczMC1lY2FhLTExZTYtOGY4OC0zNDM2M2JjN2M0YzAiOnsiY3JlYXRlIjoxODAwMDAwMDAwMDAwLCJkZWxldGUiOjE4MDAwMDAwMDAwMDAsInJlYWQiOjMwMDAwMDAwMDAwMCwidXBkYXRlIjoxODAwMDAwMDAwMDAwfX0=",
          "dependencies": [
            "module.resource_group.azurerm_resource_group.tfmodule",
            "module.vnet2.azurerm_virtual_network.tfmodule"
          ]
        }
      ]
    },
    {
      "module": "module.vnet2",
      "mode": "managed",
      "type": "azurerm_virtual_network",
      "name": "tfmodule",
      "provider": "provider[\"registry.terraform.io/hashicorp/azurerm\"]",
      "instances": [
        {
          "schema_version": 0,
          "attributes": {
            "address_space": [
              "192.168.0.0/16"
            ],
            "bgp_community": "",
            "ddos_protection_plan": [],
            "dns_servers": [],
            "guid": "ee03ad96-1bb8-4705-80dc-df01758c2f66",
            "id": "/subscriptions/73f945ea-93d3-435b-8a04-fe92eb8645c7/resourceGroups/Hands-On-NO.4/providers/Microsoft.Network/virtualNetworks/NO.4-VNet02",
            "location": "eastus",
            "name": "NO.4-VNet02",
            "resource_group_name": "Hands-On-NO.4",
            "subnet": [
              {
                "address_prefix": "192.168.1.0/26",
                "id": "/subscriptions/73f945ea-93d3-435b-8a04-fe92eb8645c7/resourceGroups/Hands-On-NO.4/providers/Microsoft.Network/virtualNetworks/NO.4-VNet02/subnets/NO.4-Subnet02",
                "name": "NO.4-Subnet02",
                "security_group": "/subscriptions/73f945ea-93d3-435b-8a04-fe92eb8645c7/resourceGroups/Hands-On-NO.4/providers/Microsoft.Network/networkSecurityGroups/NO.4-NSG02"
              }
            ],
            "tags": {},
            "timeouts": null,
            "vm_protection_enabled": false
          },
          "sensitive_attributes": [],
          "private": "eyJlMmJmYjczMC1lY2FhLTExZTYtOGY4OC0zNDM2M2JjN2M0YzAiOnsiY3JlYXRlIjoxODAwMDAwMDAwMDAwLCJkZWxldGUiOjE4MDAwMDAwMDAwMDAsInJlYWQiOjMwMDAwMDAwMDAwMCwidXBkYXRlIjoxODAwMDAwMDAwMDAwfX0=",
          "dependencies": [
            "module.resource_group.azurerm_resource_group.tfmodule"
          ]
        }
      ]
    }
  ]
}
